Microsoft Visual Studio Solution File, Format Version 12.00
# Visual Studio Express 2012 for Windows Desktop
Project("{8BC9CEB8-8B4A-11D0-8D11-00A0C91BC942}") = "ALL_BUILD", "ALL_BUILD.vcxproj", "{E3E5610F-AE49-480E-AA09-FDB3997E1DFA}"
	ProjectSection(ProjectDependencies) = postProject
		{E7C75B03-6ADC-413D-8207-C80CC5C4DF6D} = {E7C75B03-6ADC-413D-8207-C80CC5C4DF6D}
		{3D8C92C2-8FD9-442C-8F07-C1BF409B4764} = {3D8C92C2-8FD9-442C-8F07-C1BF409B4764}
		{C14D38BF-5475-4AB0-B000-2F879E5DF8F8} = {C14D38BF-5475-4AB0-B000-2F879E5DF8F8}
		{9C7CDA30-72F0-4E67-BD48-7C23DE54F017} = {9C7CDA30-72F0-4E67-BD48-7C23DE54F017}
		{390CF5BF-2238-4A83-B730-FE29C02AFD23} = {390CF5BF-2238-4A83-B730-FE29C02AFD23}
		{BB5942FF-B7C6-47EC-B5BA-C344AEC70560} = {BB5942FF-B7C6-47EC-B5BA-C344AEC70560}
		{0FEEC689-132A-40CD-9D9C-033693BA9780} = {0FEEC689-132A-40CD-9D9C-033693BA9780}
		{136000E0-4BDA-427D-97A9-D82BB2424688} = {136000E0-4BDA-427D-97A9-D82BB2424688}
		{024BB7DC-B787-4A4B-B8AB-27B3313DBC51} = {024BB7DC-B787-4A4B-B8AB-27B3313DBC51}
		{03966C42-FF6A-46D2-9D15-96366E065DA2} = {03966C42-FF6A-46D2-9D15-96366E065DA2}
		{4E1B20C2-6E2C-4954-9F01-4577EC0D9216} = {4E1B20C2-6E2C-4954-9F01-4577EC0D9216}
		{EA97D9A7-6671-4E9B-A2CE-AFAF56079507} = {EA97D9A7-6671-4E9B-A2CE-AFAF56079507}
		{3B930627-F2D7-43A1-B6DC-FBFC01FB6CE5} = {3B930627-F2D7-43A1-B6DC-FBFC01FB6CE5}
		{ADF03EC9-BEF7-4FEA-BB65-C84FAAD4CFB0} = {ADF03EC9-BEF7-4FEA-BB65-C84FAAD4CFB0}
		{31C86FFE-CCB0-4327-84D3-5F01D175B0B8} = {31C86FFE-CCB0-4327-84D3-5F01D175B0B8}
		{9B72DC1D-D027-40CA-B536-65169391999B} = {9B72DC1D-D027-40CA-B536-65169391999B}
		{92F9DD8E-AB87-4EA9-B987-BA9EC917509B} = {92F9DD8E-AB87-4EA9-B987-BA9EC917509B}
		{342C01AC-AB93-4F9A-A1E5-29F22E3FF3CC} = {342C01AC-AB93-4F9A-A1E5-29F22E3FF3CC}
		{D0C53148-256F-49ED-B2D6-811F5E8D49AC} = {D0C53148-256F-49ED-B2D6-811F5E8D49AC}
		{A4EC4191-1E99-44FA-B9A2-A50F412F479A} = {A4EC4191-1E99-44FA-B9A2-A50F412F479A}
		{75D093A9-6606-46C8-BD51-FA036EB69292} = {75D093A9-6606-46C8-BD51-FA036EB69292}
		{691996F2-75B9-4AA1-8326-7E9BF69D4120} = {691996F2-75B9-4AA1-8326-7E9BF69D4120}
		{97384A7B-EC0F-45D2-9C96-C48279BAE653} = {97384A7B-EC0F-45D2-9C96-C48279BAE653}
		{9559F12B-BC1A-42E1-8C5B-9794A32F0EBB} = {9559F12B-BC1A-42E1-8C5B-9794A32F0EBB}
		{609FD184-2B12-4C5B-8E24-EF92F814C633} = {609FD184-2B12-4C5B-8E24-EF92F814C633}
		{6D9E7EE6-8C1A-4400-A76F-9ACDED258F4D} = {6D9E7EE6-8C1A-4400-A76F-9ACDED258F4D}
		{5040842B-EFA5-48A3-9883-4CE7990041EA} = {5040842B-EFA5-48A3-9883-4CE7990041EA}
		{AB1A2524-1667-4201-8069-53785054DF05} = {AB1A2524-1667-4201-8069-53785054DF05}
		{92CF886B-7872-4B47-9393-B3D199331CA5} = {92CF886B-7872-4B47-9393-B3D199331CA5}
		{9AC86D3C-33C8-4188-AF78-7856BA983A60} = {9AC86D3C-33C8-4188-AF78-7856BA983A60}
		{806077A9-F816-4425-96F7-29A41DCC7078} = {806077A9-F816-4425-96F7-29A41DCC7078}
		{189C4CB8-FCC8-41BC-86D9-2E04DC77F2BA} = {189C4CB8-FCC8-41BC-86D9-2E04DC77F2BA}
		{A4707AE6-600B-41B9-8DF4-4CE78355BE65} = {A4707AE6-600B-41B9-8DF4-4CE78355BE65}
		{6A678937-D932-446D-B61F-344FEAB1CF77} = {6A678937-D932-446D-B61F-344FEAB1CF77}
		{9244CFE2-F8C5-4A30-8DEB-A4AB80E2FA33} = {9244CFE2-F8C5-4A30-8DEB-A4AB80E2FA33}
		{C9FB2A58-4B4D-407D-9B48-99BDD0CB576E} = {C9FB2A58-4B4D-407D-9B48-99BDD0CB576E}
		{540D32CB-A729-41AB-BFCD-2C0682C6A1E4} = {540D32CB-A729-41AB-BFCD-2C0682C6A1E4}
		{0BD4C75B-1F87-4B99-BBD9-3F47579654BE} = {0BD4C75B-1F87-4B99-BBD9-3F47579654BE}
		{AC431BA6-6A8B-45D3-B40C-7FBD8541E3C2} = {AC431BA6-6A8B-45D3-B40C-7FBD8541E3C2}
		{1876E9B7-0069-4490-AA63-5D1AAA03AFAF} = {1876E9B7-0069-4490-AA63-5D1AAA03AFAF}
		{EDF0BF0F-F04A-4D46-B285-22EDD750340C} = {EDF0BF0F-F04A-4D46-B285-22EDD750340C}
		{F9F3D0D2-F3AA-4DD5-9790-B5C3B32D0270} = {F9F3D0D2-F3AA-4DD5-9790-B5C3B32D0270}
		{E64382DD-09E9-402B-A620-EC853A7C225B} = {E64382DD-09E9-402B-A620-EC853A7C225B}
		{C6795C7B-2D4D-4C1D-A1A2-4EC60960B7E1} = {C6795C7B-2D4D-4C1D-A1A2-4EC60960B7E1}
		{86AC22F9-36BD-4F76-8EA8-3039BB355238} = {86AC22F9-36BD-4F76-8EA8-3039BB355238}
		{6E490FB3-E379-4F49-B9C3-6E5471B0F578} = {6E490FB3-E379-4F49-B9C3-6E5471B0F578}
		{B57D3033-8DFE-4EF8-B894-5348DEDCA590} = {B57D3033-8DFE-4EF8-B894-5348DEDCA590}
		{0885F281-B8BA-40A2-98B3-C5BDB75F875A} = {0885F281-B8BA-40A2-98B3-C5BDB75F875A}
		{A4B8BB18-CBE6-4271-8FE8-F35D7AE26FEF} = {A4B8BB18-CBE6-4271-8FE8-F35D7AE26FEF}
		{89C26680-A5AF-469C-9683-6061B203839E} = {89C26680-A5AF-469C-9683-6061B203839E}
		{A500C828-9EBF-4D19-90A9-D27DD066C65B} = {A500C828-9EBF-4D19-90A9-D27DD066C65B}
		{B720800A-F5F5-4820-A9A9-D6A03D95EE40} = {B720800A-F5F5-4820-A9A9-D6A03D95EE40}
		{9237F496-650D-4D57-BC48-3428F3F6CA94} = {9237F496-650D-4D57-BC48-3428F3F6CA94}
		{1F574448-A105-4144-8FFF-99A5EF493A38} = {1F574448-A105-4144-8FFF-99A5EF493A38}
		{B096BA2B-2D2B-4EC1-918B-81F09ACB17A9} = {B096BA2B-2D2B-4EC1-918B-81F09ACB17A9}
		{397D383D-C7E4-42D2-B291-CB112E8EB65F} = {397D383D-C7E4-42D2-B291-CB112E8EB65F}
		{13E19AA1-8C70-441F-B365-CEE27C9AED88} = {13E19AA1-8C70-441F-B365-CEE27C9AED88}
		{A9ABD516-01F3-40BE-AE1B-60D54D6770B2} = {A9ABD516-01F3-40BE-AE1B-60D54D6770B2}
		{014ED593-1F66-4CBB-8D37-0B15CE1EBD74} = {014ED593-1F66-4CBB-8D37-0B15CE1EBD74}
		{AFFFA3A9-7624-45A5-86C0-93E9E068A820} = {AFFFA3A9-7624-45A5-86C0-93E9E068A820}
		{FCA8FAE9-7F53-4E46-8AB2-C8C54689A17E} = {FCA8FAE9-7F53-4E46-8AB2-C8C54689A17E}
		{2074B271-9188-4C0F-B5C3-998A4A1AD1B8} = {2074B271-9188-4C0F-B5C3-998A4A1AD1B8}
		{C0B1D606-B4FD-40A9-9DD4-D269963203BA} = {C0B1D606-B4FD-40A9-9DD4-D269963203BA}
		{53772ADD-7951-45EA-B859-A0DE6E35FB18} = {53772ADD-7951-45EA-B859-A0DE6E35FB18}
		{16C7E0FF-83F0-4C47-9419-EA077086D7CE} = {16C7E0FF-83F0-4C47-9419-EA077086D7CE}
	EndProjectSection
EndProject
Project("{8BC9CEB8-8B4A-11D0-8D11-00A0C91BC942}") = "AppAllBulletDemos", "Demos\AllBulletDemos\AppAllBulletDemos.vcxproj", "{E7C75B03-6ADC-413D-8207-C80CC5C4DF6D}"
	ProjectSection(ProjectDependencies) = postProject
		{0885F281-B8BA-40A2-98B3-C5BDB75F875A} = {0885F281-B8BA-40A2-98B3-C5BDB75F875A}
		{A4B8BB18-CBE6-4271-8FE8-F35D7AE26FEF} = {A4B8BB18-CBE6-4271-8FE8-F35D7AE26FEF}
		{89C26680-A5AF-469C-9683-6061B203839E} = {89C26680-A5AF-469C-9683-6061B203839E}
		{B720800A-F5F5-4820-A9A9-D6A03D95EE40} = {B720800A-F5F5-4820-A9A9-D6A03D95EE40}
		{397D383D-C7E4-42D2-B291-CB112E8EB65F} = {397D383D-C7E4-42D2-B291-CB112E8EB65F}
		{A9ABD516-01F3-40BE-AE1B-60D54D6770B2} = {A9ABD516-01F3-40BE-AE1B-60D54D6770B2}
		{014ED593-1F66-4CBB-8D37-0B15CE1EBD74} = {014ED593-1F66-4CBB-8D37-0B15CE1EBD74}
		{AFFFA3A9-7624-45A5-86C0-93E9E068A820} = {AFFFA3A9-7624-45A5-86C0-93E9E068A820}
		{FCA8FAE9-7F53-4E46-8AB2-C8C54689A17E} = {FCA8FAE9-7F53-4E46-8AB2-C8C54689A17E}
		{2074B271-9188-4C0F-B5C3-998A4A1AD1B8} = {2074B271-9188-4C0F-B5C3-998A4A1AD1B8}
		{53772ADD-7951-45EA-B859-A0DE6E35FB18} = {53772ADD-7951-45EA-B859-A0DE6E35FB18}
		{16C7E0FF-83F0-4C47-9419-EA077086D7CE} = {16C7E0FF-83F0-4C47-9419-EA077086D7CE}
	EndProjectSection
EndProject
Project("{8BC9CEB8-8B4A-11D0-8D11-00A0C91BC942}") = "AppBasicDemo", "Demos\BasicDemo\AppBasicDemo.vcxproj", "{3D8C92C2-8FD9-442C-8F07-C1BF409B4764}"
	ProjectSection(ProjectDependencies) = postProject
		{0885F281-B8BA-40A2-98B3-C5BDB75F875A} = {0885F281-B8BA-40A2-98B3-C5BDB75F875A}
		{A4B8BB18-CBE6-4271-8FE8-F35D7AE26FEF} = {A4B8BB18-CBE6-4271-8FE8-F35D7AE26FEF}
		{2074B271-9188-4C0F-B5C3-998A4A1AD1B8} = {2074B271-9188-4C0F-B5C3-998A4A1AD1B8}
		{53772ADD-7951-45EA-B859-A0DE6E35FB18} = {53772ADD-7951-45EA-B859-A0DE6E35FB18}
		{16C7E0FF-83F0-4C47-9419-EA077086D7CE} = {16C7E0FF-83F0-4C47-9419-EA077086D7CE}
	EndProjectSection
EndProject
Project("{8BC9CEB8-8B4A-11D0-8D11-00A0C91BC942}") = "AppBenchmarks", "Demos\Benchmarks\AppBenchmarks.vcxproj", "{C14D38BF-5475-4AB0-B000-2F879E5DF8F8}"
	ProjectSection(ProjectDependencies) = postProject
		{0885F281-B8BA-40A2-98B3-C5BDB75F875A} = {0885F281-B8BA-40A2-98B3-C5BDB75F875A}
		{A4B8BB18-CBE6-4271-8FE8-F35D7AE26FEF} = {A4B8BB18-CBE6-4271-8FE8-F35D7AE26FEF}
		{2074B271-9188-4C0F-B5C3-998A4A1AD1B8} = {2074B271-9188-4C0F-B5C3-998A4A1AD1B8}
		{53772ADD-7951-45EA-B859-A0DE6E35FB18} = {53772ADD-7951-45EA-B859-A0DE6E35FB18}
		{16C7E0FF-83F0-4C47-9419-EA077086D7CE} = {16C7E0FF-83F0-4C47-9419-EA077086D7CE}
	EndProjectSection
EndProject
Project("{8BC9CEB8-8B4A-11D0-8D11-00A0C91BC942}") = "AppBox2dDemo", "Demos\Box2dDemo\AppBox2dDemo.vcxproj", "{9C7CDA30-72F0-4E67-BD48-7C23DE54F017}"
	ProjectSection(ProjectDependencies) = postProject
		{0885F281-B8BA-40A2-98B3-C5BDB75F875A} = {0885F281-B8BA-40A2-98B3-C5BDB75F875A}
		{A4B8BB18-CBE6-4271-8FE8-F35D7AE26FEF} = {A4B8BB18-CBE6-4271-8FE8-F35D7AE26FEF}
		{2074B271-9188-4C0F-B5C3-998A4A1AD1B8} = {2074B271-9188-4C0F-B5C3-998A4A1AD1B8}
		{53772ADD-7951-45EA-B859-A0DE6E35FB18} = {53772ADD-7951-45EA-B859-A0DE6E35FB18}
		{16C7E0FF-83F0-4C47-9419-EA077086D7CE} = {16C7E0FF-83F0-4C47-9419-EA077086D7CE}
	EndProjectSection
EndProject
Project("{8BC9CEB8-8B4A-11D0-8D11-00A0C91BC942}") = "AppBspPhysicsDemo", "Demos\BspDemo\AppBspPhysicsDemo.vcxproj", "{390CF5BF-2238-4A83-B730-FE29C02AFD23}"
	ProjectSection(ProjectDependencies) = postProject
		{0885F281-B8BA-40A2-98B3-C5BDB75F875A} = {0885F281-B8BA-40A2-98B3-C5BDB75F875A}
		{A4B8BB18-CBE6-4271-8FE8-F35D7AE26FEF} = {A4B8BB18-CBE6-4271-8FE8-F35D7AE26FEF}
		{2074B271-9188-4C0F-B5C3-998A4A1AD1B8} = {2074B271-9188-4C0F-B5C3-998A4A1AD1B8}
		{53772ADD-7951-45EA-B859-A0DE6E35FB18} = {53772ADD-7951-45EA-B859-A0DE6E35FB18}
		{16C7E0FF-83F0-4C47-9419-EA077086D7CE} = {16C7E0FF-83F0-4C47-9419-EA077086D7CE}
	EndProjectSection
EndProject
Project("{8BC9CEB8-8B4A-11D0-8D11-00A0C91BC942}") = "AppBulletXmlImportDemo", "Demos\BulletXmlImportDemo\AppBulletXmlImportDemo.vcxproj", "{BB5942FF-B7C6-47EC-B5BA-C344AEC70560}"
	ProjectSection(ProjectDependencies) = postProject
		{0885F281-B8BA-40A2-98B3-C5BDB75F875A} = {0885F281-B8BA-40A2-98B3-C5BDB75F875A}
		{A4B8BB18-CBE6-4271-8FE8-F35D7AE26FEF} = {A4B8BB18-CBE6-4271-8FE8-F35D7AE26FEF}
		{89C26680-A5AF-469C-9683-6061B203839E} = {89C26680-A5AF-469C-9683-6061B203839E}
		{B720800A-F5F5-4820-A9A9-D6A03D95EE40} = {B720800A-F5F5-4820-A9A9-D6A03D95EE40}
		{397D383D-C7E4-42D2-B291-CB112E8EB65F} = {397D383D-C7E4-42D2-B291-CB112E8EB65F}
		{13E19AA1-8C70-441F-B365-CEE27C9AED88} = {13E19AA1-8C70-441F-B365-CEE27C9AED88}
		{2074B271-9188-4C0F-B5C3-998A4A1AD1B8} = {2074B271-9188-4C0F-B5C3-998A4A1AD1B8}
		{53772ADD-7951-45EA-B859-A0DE6E35FB18} = {53772ADD-7951-45EA-B859-A0DE6E35FB18}
		{16C7E0FF-83F0-4C47-9419-EA077086D7CE} = {16C7E0FF-83F0-4C47-9419-EA077086D7CE}
	EndProjectSection
EndProject
Project("{8BC9CEB8-8B4A-11D0-8D11-00A0C91BC942}") = "AppCcdPhysicsDemo", "Demos\CcdPhysicsDemo\AppCcdPhysicsDemo.vcxproj", "{0FEEC689-132A-40CD-9D9C-033693BA9780}"
	ProjectSection(ProjectDependencies) = postProject
		{0885F281-B8BA-40A2-98B3-C5BDB75F875A} = {0885F281-B8BA-40A2-98B3-C5BDB75F875A}
		{A4B8BB18-CBE6-4271-8FE8-F35D7AE26FEF} = {A4B8BB18-CBE6-4271-8FE8-F35D7AE26FEF}
		{2074B271-9188-4C0F-B5C3-998A4A1AD1B8} = {2074B271-9188-4C0F-B5C3-998A4A1AD1B8}
		{53772ADD-7951-45EA-B859-A0DE6E35FB18} = {53772ADD-7951-45EA-B859-A0DE6E35FB18}
		{16C7E0FF-83F0-4C47-9419-EA077086D7CE} = {16C7E0FF-83F0-4C47-9419-EA077086D7CE}
	EndProjectSection
EndProject
Project("{8BC9CEB8-8B4A-11D0-8D11-00A0C91BC942}") = "AppCharacterDemo", "Demos\CharacterDemo\AppCharacterDemo.vcxproj", "{136000E0-4BDA-427D-97A9-D82BB2424688}"
	ProjectSection(ProjectDependencies) = postProject
		{0885F281-B8BA-40A2-98B3-C5BDB75F875A} = {0885F281-B8BA-40A2-98B3-C5BDB75F875A}
		{A4B8BB18-CBE6-4271-8FE8-F35D7AE26FEF} = {A4B8BB18-CBE6-4271-8FE8-F35D7AE26FEF}
		{2074B271-9188-4C0F-B5C3-998A4A1AD1B8} = {2074B271-9188-4C0F-B5C3-998A4A1AD1B8}
		{53772ADD-7951-45EA-B859-A0DE6E35FB18} = {53772ADD-7951-45EA-B859-A0DE6E35FB18}
		{16C7E0FF-83F0-4C47-9419-EA077086D7CE} = {16C7E0FF-83F0-4C47-9419-EA077086D7CE}
	EndProjectSection
EndProject
Project("{8BC9CEB8-8B4A-11D0-8D11-00A0C91BC942}") = "AppCollisionDemo", "Demos\CollisionDemo\AppCollisionDemo.vcxproj", "{024BB7DC-B787-4A4B-B8AB-27B3313DBC51}"
	ProjectSection(ProjectDependencies) = postProject
		{0885F281-B8BA-40A2-98B3-C5BDB75F875A} = {0885F281-B8BA-40A2-98B3-C5BDB75F875A}
		{A4B8BB18-CBE6-4271-8FE8-F35D7AE26FEF} = {A4B8BB18-CBE6-4271-8FE8-F35D7AE26FEF}
		{2074B271-9188-4C0F-B5C3-998A4A1AD1B8} = {2074B271-9188-4C0F-B5C3-998A4A1AD1B8}
		{53772ADD-7951-45EA-B859-A0DE6E35FB18} = {53772ADD-7951-45EA-B859-A0DE6E35FB18}
		{16C7E0FF-83F0-4C47-9419-EA077086D7CE} = {16C7E0FF-83F0-4C47-9419-EA077086D7CE}
	EndProjectSection
EndProject
Project("{8BC9CEB8-8B4A-11D0-8D11-00A0C91BC942}") = "AppCollisionInterfaceDemo", "Demos\CollisionInterfaceDemo\AppCollisionInterfaceDemo.vcxproj", "{03966C42-FF6A-46D2-9D15-96366E065DA2}"
	ProjectSection(ProjectDependencies) = postProject
		{0885F281-B8BA-40A2-98B3-C5BDB75F875A} = {0885F281-B8BA-40A2-98B3-C5BDB75F875A}
		{A4B8BB18-CBE6-4271-8FE8-F35D7AE26FEF} = {A4B8BB18-CBE6-4271-8FE8-F35D7AE26FEF}
		{2074B271-9188-4C0F-B5C3-998A4A1AD1B8} = {2074B271-9188-4C0F-B5C3-998A4A1AD1B8}
		{53772ADD-7951-45EA-B859-A0DE6E35FB18} = {53772ADD-7951-45EA-B859-A0DE6E35FB18}
		{16C7E0FF-83F0-4C47-9419-EA077086D7CE} = {16C7E0FF-83F0-4C47-9419-EA077086D7CE}
	EndProjectSection
EndProject
Project("{8BC9CEB8-8B4A-11D0-8D11-00A0C91BC942}") = "AppConcaveConvexCastDemo", "Demos\ConcaveConvexcastDemo\AppConcaveConvexCastDemo.vcxproj", "{4E1B20C2-6E2C-4954-9F01-4577EC0D9216}"
	ProjectSection(ProjectDependencies) = postProject
		{0885F281-B8BA-40A2-98B3-C5BDB75F875A} = {0885F281-B8BA-40A2-98B3-C5BDB75F875A}
		{A4B8BB18-CBE6-4271-8FE8-F35D7AE26FEF} = {A4B8BB18-CBE6-4271-8FE8-F35D7AE26FEF}
		{2074B271-9188-4C0F-B5C3-998A4A1AD1B8} = {2074B271-9188-4C0F-B5C3-998A4A1AD1B8}
		{53772ADD-7951-45EA-B859-A0DE6E35FB18} = {53772ADD-7951-45EA-B859-A0DE6E35FB18}
		{16C7E0FF-83F0-4C47-9419-EA077086D7CE} = {16C7E0FF-83F0-4C47-9419-EA077086D7CE}
	EndProjectSection
EndProject
Project("{8BC9CEB8-8B4A-11D0-8D11-00A0C91BC942}") = "AppConcaveDemo", "Demos\ConcaveDemo\AppConcaveDemo.vcxproj", "{EA97D9A7-6671-4E9B-A2CE-AFAF56079507}"
	ProjectSection(ProjectDependencies) = postProject
		{0885F281-B8BA-40A2-98B3-C5BDB75F875A} = {0885F281-B8BA-40A2-98B3-C5BDB75F875A}
		{A4B8BB18-CBE6-4271-8FE8-F35D7AE26FEF} = {A4B8BB18-CBE6-4271-8FE8-F35D7AE26FEF}
		{89C26680-A5AF-469C-9683-6061B203839E} = {89C26680-A5AF-469C-9683-6061B203839E}
		{397D383D-C7E4-42D2-B291-CB112E8EB65F} = {397D383D-C7E4-42D2-B291-CB112E8EB65F}
		{2074B271-9188-4C0F-B5C3-998A4A1AD1B8} = {2074B271-9188-4C0F-B5C3-998A4A1AD1B8}
		{53772ADD-7951-45EA-B859-A0DE6E35FB18} = {53772ADD-7951-45EA-B859-A0DE6E35FB18}
		{16C7E0FF-83F0-4C47-9419-EA077086D7CE} = {16C7E0FF-83F0-4C47-9419-EA077086D7CE}
	EndProjectSection
EndProject
Project("{8BC9CEB8-8B4A-11D0-8D11-00A0C91BC942}") = "AppConcaveRayCastDemo", "Demos\ConcaveRaycastDemo\AppConcaveRayCastDemo.vcxproj", "{3B930627-F2D7-43A1-B6DC-FBFC01FB6CE5}"
	ProjectSection(ProjectDependencies) = postProject
		{0885F281-B8BA-40A2-98B3-C5BDB75F875A} = {0885F281-B8BA-40A2-98B3-C5BDB75F875A}
		{A4B8BB18-CBE6-4271-8FE8-F35D7AE26FEF} = {A4B8BB18-CBE6-4271-8FE8-F35D7AE26FEF}
		{2074B271-9188-4C0F-B5C3-998A4A1AD1B8} = {2074B271-9188-4C0F-B5C3-998A4A1AD1B8}
		{53772ADD-7951-45EA-B859-A0DE6E35FB18} = {53772ADD-7951-45EA-B859-A0DE6E35FB18}
		{16C7E0FF-83F0-4C47-9419-EA077086D7CE} = {16C7E0FF-83F0-4C47-9419-EA077086D7CE}
	EndProjectSection
EndProject
Project("{8BC9CEB8-8B4A-11D0-8D11-00A0C91BC942}") = "AppConstraintDemo", "Demos\ConstraintDemo\AppConstraintDemo.vcxproj", "{ADF03EC9-BEF7-4FEA-BB65-C84FAAD4CFB0}"
	ProjectSection(ProjectDependencies) = postProject
		{0885F281-B8BA-40A2-98B3-C5BDB75F875A} = {0885F281-B8BA-40A2-98B3-C5BDB75F875A}
		{A4B8BB18-CBE6-4271-8FE8-F35D7AE26FEF} = {A4B8BB18-CBE6-4271-8FE8-F35D7AE26FEF}
		{89C26680-A5AF-469C-9683-6061B203839E} = {89C26680-A5AF-469C-9683-6061B203839E}
		{397D383D-C7E4-42D2-B291-CB112E8EB65F} = {397D383D-C7E4-42D2-B291-CB112E8EB65F}
		{2074B271-9188-4C0F-B5C3-998A4A1AD1B8} = {2074B271-9188-4C0F-B5C3-998A4A1AD1B8}
		{53772ADD-7951-45EA-B859-A0DE6E35FB18} = {53772ADD-7951-45EA-B859-A0DE6E35FB18}
		{16C7E0FF-83F0-4C47-9419-EA077086D7CE} = {16C7E0FF-83F0-4C47-9419-EA077086D7CE}
	EndProjectSection
EndProject
Project("{8BC9CEB8-8B4A-11D0-8D11-00A0C91BC942}") = "AppContinuousConvexCollisionDemo", "Demos\ContinuousConvexCollision\AppContinuousConvexCollisionDemo.vcxproj", "{31C86FFE-CCB0-4327-84D3-5F01D175B0B8}"
	ProjectSection(ProjectDependencies) = postProject
		{0885F281-B8BA-40A2-98B3-C5BDB75F875A} = {0885F281-B8BA-40A2-98B3-C5BDB75F875A}
		{A4B8BB18-CBE6-4271-8FE8-F35D7AE26FEF} = {A4B8BB18-CBE6-4271-8FE8-F35D7AE26FEF}
		{2074B271-9188-4C0F-B5C3-998A4A1AD1B8} = {2074B271-9188-4C0F-B5C3-998A4A1AD1B8}
		{53772ADD-7951-45EA-B859-A0DE6E35FB18} = {53772ADD-7951-45EA-B859-A0DE6E35FB18}
		{16C7E0FF-83F0-4C47-9419-EA077086D7CE} = {16C7E0FF-83F0-4C47-9419-EA077086D7CE}
	EndProjectSection
EndProject
Project("{8BC9CEB8-8B4A-11D0-8D11-00A0C91BC942}") = "AppConvexDecompositionDemo", "Demos\ConvexDecompositionDemo\AppConvexDecompositionDemo.vcxproj", "{9B72DC1D-D027-40CA-B536-65169391999B}"
	ProjectSection(ProjectDependencies) = postProject
		{0885F281-B8BA-40A2-98B3-C5BDB75F875A} = {0885F281-B8BA-40A2-98B3-C5BDB75F875A}
		{A4B8BB18-CBE6-4271-8FE8-F35D7AE26FEF} = {A4B8BB18-CBE6-4271-8FE8-F35D7AE26FEF}
		{89C26680-A5AF-469C-9683-6061B203839E} = {89C26680-A5AF-469C-9683-6061B203839E}
		{397D383D-C7E4-42D2-B291-CB112E8EB65F} = {397D383D-C7E4-42D2-B291-CB112E8EB65F}
		{A9ABD516-01F3-40BE-AE1B-60D54D6770B2} = {A9ABD516-01F3-40BE-AE1B-60D54D6770B2}
		{FCA8FAE9-7F53-4E46-8AB2-C8C54689A17E} = {FCA8FAE9-7F53-4E46-8AB2-C8C54689A17E}
		{2074B271-9188-4C0F-B5C3-998A4A1AD1B8} = {2074B271-9188-4C0F-B5C3-998A4A1AD1B8}
		{53772ADD-7951-45EA-B859-A0DE6E35FB18} = {53772ADD-7951-45EA-B859-A0DE6E35FB18}
		{16C7E0FF-83F0-4C47-9419-EA077086D7CE} = {16C7E0FF-83F0-4C47-9419-EA077086D7CE}
	EndProjectSection
EndProject
Project("{8BC9CEB8-8B4A-11D0-8D11-00A0C91BC942}") = "AppConvexHullDistanceDemo", "Demos\ConvexHullDistance\AppConvexHullDistanceDemo.vcxproj", "{92F9DD8E-AB87-4EA9-B987-BA9EC917509B}"
	ProjectSection(ProjectDependencies) = postProject
		{0885F281-B8BA-40A2-98B3-C5BDB75F875A} = {0885F281-B8BA-40A2-98B3-C5BDB75F875A}
		{A4B8BB18-CBE6-4271-8FE8-F35D7AE26FEF} = {A4B8BB18-CBE6-4271-8FE8-F35D7AE26FEF}
		{2074B271-9188-4C0F-B5C3-998A4A1AD1B8} = {2074B271-9188-4C0F-B5C3-998A4A1AD1B8}
		{53772ADD-7951-45EA-B859-A0DE6E35FB18} = {53772ADD-7951-45EA-B859-A0DE6E35FB18}
		{16C7E0FF-83F0-4C47-9419-EA077086D7CE} = {16C7E0FF-83F0-4C47-9419-EA077086D7CE}
	EndProjectSection
EndProject
Project("{8BC9CEB8-8B4A-11D0-8D11-00A0C91BC942}") = "AppDX11ClothDemo", "Demos\DX11ClothDemo\AppDX11ClothDemo.vcxproj", "{342C01AC-AB93-4F9A-A1E5-29F22E3FF3CC}"
	ProjectSection(ProjectDependencies) = postProject
		{0885F281-B8BA-40A2-98B3-C5BDB75F875A} = {0885F281-B8BA-40A2-98B3-C5BDB75F875A}
		{A4B8BB18-CBE6-4271-8FE8-F35D7AE26FEF} = {A4B8BB18-CBE6-4271-8FE8-F35D7AE26FEF}
		{B720800A-F5F5-4820-A9A9-D6A03D95EE40} = {B720800A-F5F5-4820-A9A9-D6A03D95EE40}
		{9237F496-650D-4D57-BC48-3428F3F6CA94} = {9237F496-650D-4D57-BC48-3428F3F6CA94}
		{2074B271-9188-4C0F-B5C3-998A4A1AD1B8} = {2074B271-9188-4C0F-B5C3-998A4A1AD1B8}
		{16C7E0FF-83F0-4C47-9419-EA077086D7CE} = {16C7E0FF-83F0-4C47-9419-EA077086D7CE}
	EndProjectSection
EndProject
Project("{8BC9CEB8-8B4A-11D0-8D11-00A0C91BC942}") = "AppDoublePrecisionDemo", "Demos\DoublePrecisionDemo\AppDoublePrecisionDemo.vcxproj", "{D0C53148-256F-49ED-B2D6-811F5E8D49AC}"
	ProjectSection(ProjectDependencies) = postProject
		{0885F281-B8BA-40A2-98B3-C5BDB75F875A} = {0885F281-B8BA-40A2-98B3-C5BDB75F875A}
		{A4B8BB18-CBE6-4271-8FE8-F35D7AE26FEF} = {A4B8BB18-CBE6-4271-8FE8-F35D7AE26FEF}
		{2074B271-9188-4C0F-B5C3-998A4A1AD1B8} = {2074B271-9188-4C0F-B5C3-998A4A1AD1B8}
		{53772ADD-7951-45EA-B859-A0DE6E35FB18} = {53772ADD-7951-45EA-B859-A0DE6E35FB18}
		{16C7E0FF-83F0-4C47-9419-EA077086D7CE} = {16C7E0FF-83F0-4C47-9419-EA077086D7CE}
	EndProjectSection
EndProject
Project("{8BC9CEB8-8B4A-11D0-8D11-00A0C91BC942}") = "AppFeatherstoneMultiBodyDemo", "Demos\FeatherstoneMultiBodyDemo\AppFeatherstoneMultiBodyDemo.vcxproj", "{A4EC4191-1E99-44FA-B9A2-A50F412F479A}"
	ProjectSection(ProjectDependencies) = postProject
		{0885F281-B8BA-40A2-98B3-C5BDB75F875A} = {0885F281-B8BA-40A2-98B3-C5BDB75F875A}
		{A4B8BB18-CBE6-4271-8FE8-F35D7AE26FEF} = {A4B8BB18-CBE6-4271-8FE8-F35D7AE26FEF}
		{2074B271-9188-4C0F-B5C3-998A4A1AD1B8} = {2074B271-9188-4C0F-B5C3-998A4A1AD1B8}
		{53772ADD-7951-45EA-B859-A0DE6E35FB18} = {53772ADD-7951-45EA-B859-A0DE6E35FB18}
		{16C7E0FF-83F0-4C47-9419-EA077086D7CE} = {16C7E0FF-83F0-4C47-9419-EA077086D7CE}
	EndProjectSection
EndProject
Project("{8BC9CEB8-8B4A-11D0-8D11-00A0C91BC942}") = "AppForkLiftDemo", "Demos\ForkLiftDemo\AppForkLiftDemo.vcxproj", "{75D093A9-6606-46C8-BD51-FA036EB69292}"
	ProjectSection(ProjectDependencies) = postProject
		{0885F281-B8BA-40A2-98B3-C5BDB75F875A} = {0885F281-B8BA-40A2-98B3-C5BDB75F875A}
		{A4B8BB18-CBE6-4271-8FE8-F35D7AE26FEF} = {A4B8BB18-CBE6-4271-8FE8-F35D7AE26FEF}
		{2074B271-9188-4C0F-B5C3-998A4A1AD1B8} = {2074B271-9188-4C0F-B5C3-998A4A1AD1B8}
		{53772ADD-7951-45EA-B859-A0DE6E35FB18} = {53772ADD-7951-45EA-B859-A0DE6E35FB18}
		{16C7E0FF-83F0-4C47-9419-EA077086D7CE} = {16C7E0FF-83F0-4C47-9419-EA077086D7CE}
	EndProjectSection
EndProject
Project("{8BC9CEB8-8B4A-11D0-8D11-00A0C91BC942}") = "AppFractureDemo", "Demos\FractureDemo\AppFractureDemo.vcxproj", "{691996F2-75B9-4AA1-8326-7E9BF69D4120}"
	ProjectSection(ProjectDependencies) = postProject
		{0885F281-B8BA-40A2-98B3-C5BDB75F875A} = {0885F281-B8BA-40A2-98B3-C5BDB75F875A}
		{A4B8BB18-CBE6-4271-8FE8-F35D7AE26FEF} = {A4B8BB18-CBE6-4271-8FE8-F35D7AE26FEF}
		{2074B271-9188-4C0F-B5C3-998A4A1AD1B8} = {2074B271-9188-4C0F-B5C3-998A4A1AD1B8}
		{53772ADD-7951-45EA-B859-A0DE6E35FB18} = {53772ADD-7951-45EA-B859-A0DE6E35FB18}
		{16C7E0FF-83F0-4C47-9419-EA077086D7CE} = {16C7E0FF-83F0-4C47-9419-EA077086D7CE}
	EndProjectSection
EndProject
Project("{8BC9CEB8-8B4A-11D0-8D11-00A0C91BC942}") = "AppGenericJointDemo", "Demos\GenericJointDemo\AppGenericJointDemo.vcxproj", "{97384A7B-EC0F-45D2-9C96-C48279BAE653}"
	ProjectSection(ProjectDependencies) = postProject
		{0885F281-B8BA-40A2-98B3-C5BDB75F875A} = {0885F281-B8BA-40A2-98B3-C5BDB75F875A}
		{A4B8BB18-CBE6-4271-8FE8-F35D7AE26FEF} = {A4B8BB18-CBE6-4271-8FE8-F35D7AE26FEF}
		{2074B271-9188-4C0F-B5C3-998A4A1AD1B8} = {2074B271-9188-4C0F-B5C3-998A4A1AD1B8}
		{53772ADD-7951-45EA-B859-A0DE6E35FB18} = {53772ADD-7951-45EA-B859-A0DE6E35FB18}
		{16C7E0FF-83F0-4C47-9419-EA077086D7CE} = {16C7E0FF-83F0-4C47-9419-EA077086D7CE}
	EndProjectSection
EndProject
Project("{8BC9CEB8-8B4A-11D0-8D11-00A0C91BC942}") = "AppGyroscopicDemo", "Demos\GyroscopicDemo\AppGyroscopicDemo.vcxproj", "{9559F12B-BC1A-42E1-8C5B-9794A32F0EBB}"
	ProjectSection(ProjectDependencies) = postProject
		{0885F281-B8BA-40A2-98B3-C5BDB75F875A} = {0885F281-B8BA-40A2-98B3-C5BDB75F875A}
		{A4B8BB18-CBE6-4271-8FE8-F35D7AE26FEF} = {A4B8BB18-CBE6-4271-8FE8-F35D7AE26FEF}
		{89C26680-A5AF-469C-9683-6061B203839E} = {89C26680-A5AF-469C-9683-6061B203839E}
		{397D383D-C7E4-42D2-B291-CB112E8EB65F} = {397D383D-C7E4-42D2-B291-CB112E8EB65F}
		{2074B271-9188-4C0F-B5C3-998A4A1AD1B8} = {2074B271-9188-4C0F-B5C3-998A4A1AD1B8}
		{53772ADD-7951-45EA-B859-A0DE6E35FB18} = {53772ADD-7951-45EA-B859-A0DE6E35FB18}
		{16C7E0FF-83F0-4C47-9419-EA077086D7CE} = {16C7E0FF-83F0-4C47-9419-EA077086D7CE}
	EndProjectSection
EndProject
Project("{8BC9CEB8-8B4A-11D0-8D11-00A0C91BC942}") = "AppHelloWorld", "Demos\HelloWorld\AppHelloWorld.vcxproj", "{609FD184-2B12-4C5B-8E24-EF92F814C633}"
	ProjectSection(ProjectDependencies) = postProject
		{0885F281-B8BA-40A2-98B3-C5BDB75F875A} = {0885F281-B8BA-40A2-98B3-C5BDB75F875A}
		{A4B8BB18-CBE6-4271-8FE8-F35D7AE26FEF} = {A4B8BB18-CBE6-4271-8FE8-F35D7AE26FEF}
		{2074B271-9188-4C0F-B5C3-998A4A1AD1B8} = {2074B271-9188-4C0F-B5C3-998A4A1AD1B8}
		{16C7E0FF-83F0-4C47-9419-EA077086D7CE} = {16C7E0FF-83F0-4C47-9419-EA077086D7CE}
	EndProjectSection
EndProject
Project("{8BC9CEB8-8B4A-11D0-8D11-00A0C91BC942}") = "AppInternalEdgeDemo", "Demos\InternalEdgeDemo\AppInternalEdgeDemo.vcxproj", "{6D9E7EE6-8C1A-4400-A76F-9ACDED258F4D}"
	ProjectSection(ProjectDependencies) = postProject
		{0885F281-B8BA-40A2-98B3-C5BDB75F875A} = {0885F281-B8BA-40A2-98B3-C5BDB75F875A}
		{A4B8BB18-CBE6-4271-8FE8-F35D7AE26FEF} = {A4B8BB18-CBE6-4271-8FE8-F35D7AE26FEF}
		{2074B271-9188-4C0F-B5C3-998A4A1AD1B8} = {2074B271-9188-4C0F-B5C3-998A4A1AD1B8}
		{53772ADD-7951-45EA-B859-A0DE6E35FB18} = {53772ADD-7951-45EA-B859-A0DE6E35FB18}
		{16C7E0FF-83F0-4C47-9419-EA077086D7CE} = {16C7E0FF-83F0-4C47-9419-EA077086D7CE}
	EndProjectSection
EndProject
Project("{8BC9CEB8-8B4A-11D0-8D11-00A0C91BC942}") = "AppLinearConvexCastDemo", "Demos\GjkConvexCastDemo\AppLinearConvexCastDemo.vcxproj", "{5040842B-EFA5-48A3-9883-4CE7990041EA}"
	ProjectSection(ProjectDependencies) = postProject
		{0885F281-B8BA-40A2-98B3-C5BDB75F875A} = {0885F281-B8BA-40A2-98B3-C5BDB75F875A}
		{A4B8BB18-CBE6-4271-8FE8-F35D7AE26FEF} = {A4B8BB18-CBE6-4271-8FE8-F35D7AE26FEF}
		{2074B271-9188-4C0F-B5C3-998A4A1AD1B8} = {2074B271-9188-4C0F-B5C3-998A4A1AD1B8}
		{53772ADD-7951-45EA-B859-A0DE6E35FB18} = {53772ADD-7951-45EA-B859-A0DE6E35FB18}
		{16C7E0FF-83F0-4C47-9419-EA077086D7CE} = {16C7E0FF-83F0-4C47-9419-EA077086D7CE}
	EndProjectSection
EndProject
Project("{8BC9CEB8-8B4A-11D0-8D11-00A0C91BC942}") = "AppMotorDemo", "Demos\DynamicControlDemo\AppMotorDemo.vcxproj", "{AB1A2524-1667-4201-8069-53785054DF05}"
	ProjectSection(ProjectDependencies) = postProject
		{0885F281-B8BA-40A2-98B3-C5BDB75F875A} = {0885F281-B8BA-40A2-98B3-C5BDB75F875A}
		{A4B8BB18-CBE6-4271-8FE8-F35D7AE26FEF} = {A4B8BB18-CBE6-4271-8FE8-F35D7AE26FEF}
		{2074B271-9188-4C0F-B5C3-998A4A1AD1B8} = {2074B271-9188-4C0F-B5C3-998A4A1AD1B8}
		{53772ADD-7951-45EA-B859-A0DE6E35FB18} = {53772ADD-7951-45EA-B859-A0DE6E35FB18}
		{16C7E0FF-83F0-4C47-9419-EA077086D7CE} = {16C7E0FF-83F0-4C47-9419-EA077086D7CE}
	EndProjectSection
EndProject
Project("{8BC9CEB8-8B4A-11D0-8D11-00A0C91BC942}") = "AppMovingConcaveDemo", "Demos\MovingConcaveDemo\AppMovingConcaveDemo.vcxproj", "{92CF886B-7872-4B47-9393-B3D199331CA5}"
	ProjectSection(ProjectDependencies) = postProject
		{0885F281-B8BA-40A2-98B3-C5BDB75F875A} = {0885F281-B8BA-40A2-98B3-C5BDB75F875A}
		{A4B8BB18-CBE6-4271-8FE8-F35D7AE26FEF} = {A4B8BB18-CBE6-4271-8FE8-F35D7AE26FEF}
		{2074B271-9188-4C0F-B5C3-998A4A1AD1B8} = {2074B271-9188-4C0F-B5C3-998A4A1AD1B8}
		{53772ADD-7951-45EA-B859-A0DE6E35FB18} = {53772ADD-7951-45EA-B859-A0DE6E35FB18}
		{16C7E0FF-83F0-4C47-9419-EA077086D7CE} = {16C7E0FF-83F0-4C47-9419-EA077086D7CE}
	EndProjectSection
EndProject
Project("{8BC9CEB8-8B4A-11D0-8D11-00A0C91BC942}") = "AppMultiMaterialDemo", "Demos\MultiMaterialDemo\AppMultiMaterialDemo.vcxproj", "{9AC86D3C-33C8-4188-AF78-7856BA983A60}"
	ProjectSection(ProjectDependencies) = postProject
		{0885F281-B8BA-40A2-98B3-C5BDB75F875A} = {0885F281-B8BA-40A2-98B3-C5BDB75F875A}
		{A4B8BB18-CBE6-4271-8FE8-F35D7AE26FEF} = {A4B8BB18-CBE6-4271-8FE8-F35D7AE26FEF}
		{2074B271-9188-4C0F-B5C3-998A4A1AD1B8} = {2074B271-9188-4C0F-B5C3-998A4A1AD1B8}
		{53772ADD-7951-45EA-B859-A0DE6E35FB18} = {53772ADD-7951-45EA-B859-A0DE6E35FB18}
		{16C7E0FF-83F0-4C47-9419-EA077086D7CE} = {16C7E0FF-83F0-4C47-9419-EA077086D7CE}
	EndProjectSection
EndProject
Project("{8BC9CEB8-8B4A-11D0-8D11-00A0C91BC942}") = "AppMultiThreadedDemo", "Demos\MultiThreadedDemo\AppMultiThreadedDemo.vcxproj", "{806077A9-F816-4425-96F7-29A41DCC7078}"
	ProjectSection(ProjectDependencies) = postProject
		{0885F281-B8BA-40A2-98B3-C5BDB75F875A} = {0885F281-B8BA-40A2-98B3-C5BDB75F875A}
		{A4B8BB18-CBE6-4271-8FE8-F35D7AE26FEF} = {A4B8BB18-CBE6-4271-8FE8-F35D7AE26FEF}
		{A500C828-9EBF-4D19-90A9-D27DD066C65B} = {A500C828-9EBF-4D19-90A9-D27DD066C65B}
		{2074B271-9188-4C0F-B5C3-998A4A1AD1B8} = {2074B271-9188-4C0F-B5C3-998A4A1AD1B8}
		{53772ADD-7951-45EA-B859-A0DE6E35FB18} = {53772ADD-7951-45EA-B859-A0DE6E35FB18}
		{16C7E0FF-83F0-4C47-9419-EA077086D7CE} = {16C7E0FF-83F0-4C47-9419-EA077086D7CE}
	EndProjectSection
EndProject
Project("{8BC9CEB8-8B4A-11D0-8D11-00A0C91BC942}") = "AppOpenCLClothDemo_Mini", "Demos\OpenCLClothDemo\MiniCL\AppOpenCLClothDemo_Mini.vcxproj", "{189C4CB8-FCC8-41BC-86D9-2E04DC77F2BA}"
	ProjectSection(ProjectDependencies) = postProject
		{0885F281-B8BA-40A2-98B3-C5BDB75F875A} = {0885F281-B8BA-40A2-98B3-C5BDB75F875A}
		{A4B8BB18-CBE6-4271-8FE8-F35D7AE26FEF} = {A4B8BB18-CBE6-4271-8FE8-F35D7AE26FEF}
		{A500C828-9EBF-4D19-90A9-D27DD066C65B} = {A500C828-9EBF-4D19-90A9-D27DD066C65B}
		{B720800A-F5F5-4820-A9A9-D6A03D95EE40} = {B720800A-F5F5-4820-A9A9-D6A03D95EE40}
		{1F574448-A105-4144-8FFF-99A5EF493A38} = {1F574448-A105-4144-8FFF-99A5EF493A38}
		{2074B271-9188-4C0F-B5C3-998A4A1AD1B8} = {2074B271-9188-4C0F-B5C3-998A4A1AD1B8}
		{C0B1D606-B4FD-40A9-9DD4-D269963203BA} = {C0B1D606-B4FD-40A9-9DD4-D269963203BA}
		{53772ADD-7951-45EA-B859-A0DE6E35FB18} = {53772ADD-7951-45EA-B859-A0DE6E35FB18}
		{16C7E0FF-83F0-4C47-9419-EA077086D7CE} = {16C7E0FF-83F0-4C47-9419-EA077086D7CE}
	EndProjectSection
EndProject
Project("{8BC9CEB8-8B4A-11D0-8D11-00A0C91BC942}") = "AppOpenCLClothDemo_NVidia", "Demos\OpenCLClothDemo\NVidia\AppOpenCLClothDemo_NVidia.vcxproj", "{A4707AE6-600B-41B9-8DF4-4CE78355BE65}"
	ProjectSection(ProjectDependencies) = postProject
		{0885F281-B8BA-40A2-98B3-C5BDB75F875A} = {0885F281-B8BA-40A2-98B3-C5BDB75F875A}
		{A4B8BB18-CBE6-4271-8FE8-F35D7AE26FEF} = {A4B8BB18-CBE6-4271-8FE8-F35D7AE26FEF}
		{A500C828-9EBF-4D19-90A9-D27DD066C65B} = {A500C828-9EBF-4D19-90A9-D27DD066C65B}
		{B720800A-F5F5-4820-A9A9-D6A03D95EE40} = {B720800A-F5F5-4820-A9A9-D6A03D95EE40}
		{B096BA2B-2D2B-4EC1-918B-81F09ACB17A9} = {B096BA2B-2D2B-4EC1-918B-81F09ACB17A9}
		{2074B271-9188-4C0F-B5C3-998A4A1AD1B8} = {2074B271-9188-4C0F-B5C3-998A4A1AD1B8}
		{53772ADD-7951-45EA-B859-A0DE6E35FB18} = {53772ADD-7951-45EA-B859-A0DE6E35FB18}
		{16C7E0FF-83F0-4C47-9419-EA077086D7CE} = {16C7E0FF-83F0-4C47-9419-EA077086D7CE}
	EndProjectSection
EndProject
Project("{8BC9CEB8-8B4A-11D0-8D11-00A0C91BC942}") = "AppRagdollDemo", "Demos\RagdollDemo\AppRagdollDemo.vcxproj", "{6A678937-D932-446D-B61F-344FEAB1CF77}"
	ProjectSection(ProjectDependencies) = postProject
		{0885F281-B8BA-40A2-98B3-C5BDB75F875A} = {0885F281-B8BA-40A2-98B3-C5BDB75F875A}
		{A4B8BB18-CBE6-4271-8FE8-F35D7AE26FEF} = {A4B8BB18-CBE6-4271-8FE8-F35D7AE26FEF}
		{2074B271-9188-4C0F-B5C3-998A4A1AD1B8} = {2074B271-9188-4C0F-B5C3-998A4A1AD1B8}
		{53772ADD-7951-45EA-B859-A0DE6E35FB18} = {53772ADD-7951-45EA-B859-A0DE6E35FB18}
		{16C7E0FF-83F0-4C47-9419-EA077086D7CE} = {16C7E0FF-83F0-4C47-9419-EA077086D7CE}
	EndProjectSection
EndProject
Project("{8BC9CEB8-8B4A-11D0-8D11-00A0C91BC942}") = "AppRaytestDemo", "Demos\RaytestDemo\AppRaytestDemo.vcxproj", "{9244CFE2-F8C5-4A30-8DEB-A4AB80E2FA33}"
	ProjectSection(ProjectDependencies) = postProject
		{0885F281-B8BA-40A2-98B3-C5BDB75F875A} = {0885F281-B8BA-40A2-98B3-C5BDB75F875A}
		{A4B8BB18-CBE6-4271-8FE8-F35D7AE26FEF} = {A4B8BB18-CBE6-4271-8FE8-F35D7AE26FEF}
		{2074B271-9188-4C0F-B5C3-998A4A1AD1B8} = {2074B271-9188-4C0F-B5C3-998A4A1AD1B8}
		{53772ADD-7951-45EA-B859-A0DE6E35FB18} = {53772ADD-7951-45EA-B859-A0DE6E35FB18}
		{16C7E0FF-83F0-4C47-9419-EA077086D7CE} = {16C7E0FF-83F0-4C47-9419-EA077086D7CE}
	EndProjectSection
EndProject
Project("{8BC9CEB8-8B4A-11D0-8D11-00A0C91BC942}") = "AppRaytracer", "Demos\Raytracer\AppRaytracer.vcxproj", "{C9FB2A58-4B4D-407D-9B48-99BDD0CB576E}"
	ProjectSection(ProjectDependencies) = postProject
		{0885F281-B8BA-40A2-98B3-C5BDB75F875A} = {0885F281-B8BA-40A2-98B3-C5BDB75F875A}
		{A4B8BB18-CBE6-4271-8FE8-F35D7AE26FEF} = {A4B8BB18-CBE6-4271-8FE8-F35D7AE26FEF}
		{2074B271-9188-4C0F-B5C3-998A4A1AD1B8} = {2074B271-9188-4C0F-B5C3-998A4A1AD1B8}
		{53772ADD-7951-45EA-B859-A0DE6E35FB18} = {53772ADD-7951-45EA-B859-A0DE6E35FB18}
		{16C7E0FF-83F0-4C47-9419-EA077086D7CE} = {16C7E0FF-83F0-4C47-9419-EA077086D7CE}
	EndProjectSection
EndProject
Project("{8BC9CEB8-8B4A-11D0-8D11-00A0C91BC942}") = "AppRollingFrictionDemo", "Demos\RollingFrictionDemo\AppRollingFrictionDemo.vcxproj", "{540D32CB-A729-41AB-BFCD-2C0682C6A1E4}"
	ProjectSection(ProjectDependencies) = postProject
		{0885F281-B8BA-40A2-98B3-C5BDB75F875A} = {0885F281-B8BA-40A2-98B3-C5BDB75F875A}
		{A4B8BB18-CBE6-4271-8FE8-F35D7AE26FEF} = {A4B8BB18-CBE6-4271-8FE8-F35D7AE26FEF}
		{2074B271-9188-4C0F-B5C3-998A4A1AD1B8} = {2074B271-9188-4C0F-B5C3-998A4A1AD1B8}
		{53772ADD-7951-45EA-B859-A0DE6E35FB18} = {53772ADD-7951-45EA-B859-A0DE6E35FB18}
		{16C7E0FF-83F0-4C47-9419-EA077086D7CE} = {16C7E0FF-83F0-4C47-9419-EA077086D7CE}
	EndProjectSection
EndProject
Project("{8BC9CEB8-8B4A-11D0-8D11-00A0C91BC942}") = "AppSerializeDemo", "Demos\SerializeDemo\AppSerializeDemo.vcxproj", "{0BD4C75B-1F87-4B99-BBD9-3F47579654BE}"
	ProjectSection(ProjectDependencies) = postProject
		{0885F281-B8BA-40A2-98B3-C5BDB75F875A} = {0885F281-B8BA-40A2-98B3-C5BDB75F875A}
		{A4B8BB18-CBE6-4271-8FE8-F35D7AE26FEF} = {A4B8BB18-CBE6-4271-8FE8-F35D7AE26FEF}
		{89C26680-A5AF-469C-9683-6061B203839E} = {89C26680-A5AF-469C-9683-6061B203839E}
		{B720800A-F5F5-4820-A9A9-D6A03D95EE40} = {B720800A-F5F5-4820-A9A9-D6A03D95EE40}
		{397D383D-C7E4-42D2-B291-CB112E8EB65F} = {397D383D-C7E4-42D2-B291-CB112E8EB65F}
		{2074B271-9188-4C0F-B5C3-998A4A1AD1B8} = {2074B271-9188-4C0F-B5C3-998A4A1AD1B8}
		{53772ADD-7951-45EA-B859-A0DE6E35FB18} = {53772ADD-7951-45EA-B859-A0DE6E35FB18}
		{16C7E0FF-83F0-4C47-9419-EA077086D7CE} = {16C7E0FF-83F0-4C47-9419-EA077086D7CE}
	EndProjectSection
EndProject
Project("{8BC9CEB8-8B4A-11D0-8D11-00A0C91BC942}") = "AppSimplexDemo", "Demos\SimplexDemo\AppSimplexDemo.vcxproj", "{AC431BA6-6A8B-45D3-B40C-7FBD8541E3C2}"
	ProjectSection(ProjectDependencies) = postProject
		{0885F281-B8BA-40A2-98B3-C5BDB75F875A} = {0885F281-B8BA-40A2-98B3-C5BDB75F875A}
		{A4B8BB18-CBE6-4271-8FE8-F35D7AE26FEF} = {A4B8BB18-CBE6-4271-8FE8-F35D7AE26FEF}
		{2074B271-9188-4C0F-B5C3-998A4A1AD1B8} = {2074B271-9188-4C0F-B5C3-998A4A1AD1B8}
		{53772ADD-7951-45EA-B859-A0DE6E35FB18} = {53772ADD-7951-45EA-B859-A0DE6E35FB18}
		{16C7E0FF-83F0-4C47-9419-EA077086D7CE} = {16C7E0FF-83F0-4C47-9419-EA077086D7CE}
	EndProjectSection
EndProject
Project("{8BC9CEB8-8B4A-11D0-8D11-00A0C91BC942}") = "AppSliderConstraintDemo", "Demos\SliderConstraintDemo\AppSliderConstraintDemo.vcxproj", "{1876E9B7-0069-4490-AA63-5D1AAA03AFAF}"
	ProjectSection(ProjectDependencies) = postProject
		{0885F281-B8BA-40A2-98B3-C5BDB75F875A} = {0885F281-B8BA-40A2-98B3-C5BDB75F875A}
		{A4B8BB18-CBE6-4271-8FE8-F35D7AE26FEF} = {A4B8BB18-CBE6-4271-8FE8-F35D7AE26FEF}
		{2074B271-9188-4C0F-B5C3-998A4A1AD1B8} = {2074B271-9188-4C0F-B5C3-998A4A1AD1B8}
		{53772ADD-7951-45EA-B859-A0DE6E35FB18} = {53772ADD-7951-45EA-B859-A0DE6E35FB18}
		{16C7E0FF-83F0-4C47-9419-EA077086D7CE} = {16C7E0FF-83F0-4C47-9419-EA077086D7CE}
	EndProjectSection
EndProject
Project("{8BC9CEB8-8B4A-11D0-8D11-00A0C91BC942}") = "AppSoftBodyDemo", "Demos\SoftDemo\AppSoftBodyDemo.vcxproj", "{EDF0BF0F-F04A-4D46-B285-22EDD750340C}"
	ProjectSection(ProjectDependencies) = postProject
		{0885F281-B8BA-40A2-98B3-C5BDB75F875A} = {0885F281-B8BA-40A2-98B3-C5BDB75F875A}
		{A4B8BB18-CBE6-4271-8FE8-F35D7AE26FEF} = {A4B8BB18-CBE6-4271-8FE8-F35D7AE26FEF}
		{B720800A-F5F5-4820-A9A9-D6A03D95EE40} = {B720800A-F5F5-4820-A9A9-D6A03D95EE40}
		{2074B271-9188-4C0F-B5C3-998A4A1AD1B8} = {2074B271-9188-4C0F-B5C3-998A4A1AD1B8}
		{53772ADD-7951-45EA-B859-A0DE6E35FB18} = {53772ADD-7951-45EA-B859-A0DE6E35FB18}
		{16C7E0FF-83F0-4C47-9419-EA077086D7CE} = {16C7E0FF-83F0-4C47-9419-EA077086D7CE}
	EndProjectSection
EndProject
Project("{8BC9CEB8-8B4A-11D0-8D11-00A0C91BC942}") = "AppThreadingDemo", "Demos\ThreadingDemo\AppThreadingDemo.vcxproj", "{F9F3D0D2-F3AA-4DD5-9790-B5C3B32D0270}"
	ProjectSection(ProjectDependencies) = postProject
		{0885F281-B8BA-40A2-98B3-C5BDB75F875A} = {0885F281-B8BA-40A2-98B3-C5BDB75F875A}
		{A4B8BB18-CBE6-4271-8FE8-F35D7AE26FEF} = {A4B8BB18-CBE6-4271-8FE8-F35D7AE26FEF}
		{A500C828-9EBF-4D19-90A9-D27DD066C65B} = {A500C828-9EBF-4D19-90A9-D27DD066C65B}
		{2074B271-9188-4C0F-B5C3-998A4A1AD1B8} = {2074B271-9188-4C0F-B5C3-998A4A1AD1B8}
		{16C7E0FF-83F0-4C47-9419-EA077086D7CE} = {16C7E0FF-83F0-4C47-9419-EA077086D7CE}
	EndProjectSection
EndProject
Project("{8BC9CEB8-8B4A-11D0-8D11-00A0C91BC942}") = "AppUserCollisionAlgorithm", "Demos\UserCollisionAlgorithm\AppUserCollisionAlgorithm.vcxproj", "{E64382DD-09E9-402B-A620-EC853A7C225B}"
	ProjectSection(ProjectDependencies) = postProject
		{0885F281-B8BA-40A2-98B3-C5BDB75F875A} = {0885F281-B8BA-40A2-98B3-C5BDB75F875A}
		{A4B8BB18-CBE6-4271-8FE8-F35D7AE26FEF} = {A4B8BB18-CBE6-4271-8FE8-F35D7AE26FEF}
		{2074B271-9188-4C0F-B5C3-998A4A1AD1B8} = {2074B271-9188-4C0F-B5C3-998A4A1AD1B8}
		{53772ADD-7951-45EA-B859-A0DE6E35FB18} = {53772ADD-7951-45EA-B859-A0DE6E35FB18}
		{16C7E0FF-83F0-4C47-9419-EA077086D7CE} = {16C7E0FF-83F0-4C47-9419-EA077086D7CE}
	EndProjectSection
EndProject
Project("{8BC9CEB8-8B4A-11D0-8D11-00A0C91BC942}") = "AppVectorAdd_Mini", "Demos\VectorAdd_OpenCL\MiniCL\AppVectorAdd_Mini.vcxproj", "{C6795C7B-2D4D-4C1D-A1A2-4EC60960B7E1}"
	ProjectSection(ProjectDependencies) = postProject
		{A500C828-9EBF-4D19-90A9-D27DD066C65B} = {A500C828-9EBF-4D19-90A9-D27DD066C65B}
		{2074B271-9188-4C0F-B5C3-998A4A1AD1B8} = {2074B271-9188-4C0F-B5C3-998A4A1AD1B8}
		{C0B1D606-B4FD-40A9-9DD4-D269963203BA} = {C0B1D606-B4FD-40A9-9DD4-D269963203BA}
		{16C7E0FF-83F0-4C47-9419-EA077086D7CE} = {16C7E0FF-83F0-4C47-9419-EA077086D7CE}
	EndProjectSection
EndProject
Project("{8BC9CEB8-8B4A-11D0-8D11-00A0C91BC942}") = "AppVectorAdd_NVidia", "Demos\VectorAdd_OpenCL\NVidia\AppVectorAdd_NVidia.vcxproj", "{86AC22F9-36BD-4F76-8EA8-3039BB355238}"
	ProjectSection(ProjectDependencies) = postProject
		{2074B271-9188-4C0F-B5C3-998A4A1AD1B8} = {2074B271-9188-4C0F-B5C3-998A4A1AD1B8}
		{16C7E0FF-83F0-4C47-9419-EA077086D7CE} = {16C7E0FF-83F0-4C47-9419-EA077086D7CE}
	EndProjectSection
EndProject
Project("{8BC9CEB8-8B4A-11D0-8D11-00A0C91BC942}") = "AppVehicleDemo", "Demos\VehicleDemo\AppVehicleDemo.vcxproj", "{6E490FB3-E379-4F49-B9C3-6E5471B0F578}"
	ProjectSection(ProjectDependencies) = postProject
		{0885F281-B8BA-40A2-98B3-C5BDB75F875A} = {0885F281-B8BA-40A2-98B3-C5BDB75F875A}
		{A4B8BB18-CBE6-4271-8FE8-F35D7AE26FEF} = {A4B8BB18-CBE6-4271-8FE8-F35D7AE26FEF}
		{2074B271-9188-4C0F-B5C3-998A4A1AD1B8} = {2074B271-9188-4C0F-B5C3-998A4A1AD1B8}
		{53772ADD-7951-45EA-B859-A0DE6E35FB18} = {53772ADD-7951-45EA-B859-A0DE6E35FB18}
		{16C7E0FF-83F0-4C47-9419-EA077086D7CE} = {16C7E0FF-83F0-4C47-9419-EA077086D7CE}
	EndProjectSection
EndProject
Project("{8BC9CEB8-8B4A-11D0-8D11-00A0C91BC942}") = "AppVoronoiFractureDemo", "Demos\VoronoiFractureDemo\AppVoronoiFractureDemo.vcxproj", "{B57D3033-8DFE-4EF8-B894-5348DEDCA590}"
	ProjectSection(ProjectDependencies) = postProject
		{0885F281-B8BA-40A2-98B3-C5BDB75F875A} = {0885F281-B8BA-40A2-98B3-C5BDB75F875A}
		{A4B8BB18-CBE6-4271-8FE8-F35D7AE26FEF} = {A4B8BB18-CBE6-4271-8FE8-F35D7AE26FEF}
		{2074B271-9188-4C0F-B5C3-998A4A1AD1B8} = {2074B271-9188-4C0F-B5C3-998A4A1AD1B8}
		{53772ADD-7951-45EA-B859-A0DE6E35FB18} = {53772ADD-7951-45EA-B859-A0DE6E35FB18}
		{16C7E0FF-83F0-4C47-9419-EA077086D7CE} = {16C7E0FF-83F0-4C47-9419-EA077086D7CE}
	EndProjectSection
EndProject
Project("{8BC9CEB8-8B4A-11D0-8D11-00A0C91BC942}") = "BulletCollision", "src\BulletCollision\BulletCollision.vcxproj", "{0885F281-B8BA-40A2-98B3-C5BDB75F875A}"
	ProjectSection(ProjectDependencies) = postProject
		{16C7E0FF-83F0-4C47-9419-EA077086D7CE} = {16C7E0FF-83F0-4C47-9419-EA077086D7CE}
	EndProjectSection
EndProject
Project("{8BC9CEB8-8B4A-11D0-8D11-00A0C91BC942}") = "BulletDynamics", "src\BulletDynamics\BulletDynamics.vcxproj", "{A4B8BB18-CBE6-4271-8FE8-F35D7AE26FEF}"
	ProjectSection(ProjectDependencies) = postProject
		{16C7E0FF-83F0-4C47-9419-EA077086D7CE} = {16C7E0FF-83F0-4C47-9419-EA077086D7CE}
	EndProjectSection
EndProject
Project("{8BC9CEB8-8B4A-11D0-8D11-00A0C91BC942}") = "BulletFileLoader", "Extras\Serialize\BulletFileLoader\BulletFileLoader.vcxproj", "{89C26680-A5AF-469C-9683-6061B203839E}"
	ProjectSection(ProjectDependencies) = postProject
		{16C7E0FF-83F0-4C47-9419-EA077086D7CE} = {16C7E0FF-83F0-4C47-9419-EA077086D7CE}
	EndProjectSection
EndProject
Project("{8BC9CEB8-8B4A-11D0-8D11-00A0C91BC942}") = "BulletMultiThreaded", "src\BulletMultiThreaded\BulletMultiThreaded.vcxproj", "{A500C828-9EBF-4D19-90A9-D27DD066C65B}"
	ProjectSection(ProjectDependencies) = postProject
		{16C7E0FF-83F0-4C47-9419-EA077086D7CE} = {16C7E0FF-83F0-4C47-9419-EA077086D7CE}
	EndProjectSection
EndProject
Project("{8BC9CEB8-8B4A-11D0-8D11-00A0C91BC942}") = "BulletSoftBody", "src\BulletSoftBody\BulletSoftBody.vcxproj", "{B720800A-F5F5-4820-A9A9-D6A03D95EE40}"
	ProjectSection(ProjectDependencies) = postProject
		{16C7E0FF-83F0-4C47-9419-EA077086D7CE} = {16C7E0FF-83F0-4C47-9419-EA077086D7CE}
	EndProjectSection
EndProject
Project("{8BC9CEB8-8B4A-11D0-8D11-00A0C91BC942}") = "BulletSoftBodySolvers_DX11", "src\BulletMultiThreaded\GpuSoftBodySolvers\DX11\BulletSoftBodySolvers_DX11.vcxproj", "{9237F496-650D-4D57-BC48-3428F3F6CA94}"
	ProjectSection(ProjectDependencies) = postProject
		{16C7E0FF-83F0-4C47-9419-EA077086D7CE} = {16C7E0FF-83F0-4C47-9419-EA077086D7CE}
	EndProjectSection
EndProject
Project("{8BC9CEB8-8B4A-11D0-8D11-00A0C91BC942}") = "BulletSoftBodySolvers_OpenCL_Mini", "src\BulletMultiThreaded\GpuSoftBodySolvers\OpenCL\MiniCL\BulletSoftBodySolvers_OpenCL_Mini.vcxproj", "{1F574448-A105-4144-8FFF-99A5EF493A38}"
	ProjectSection(ProjectDependencies) = postProject
		{16C7E0FF-83F0-4C47-9419-EA077086D7CE} = {16C7E0FF-83F0-4C47-9419-EA077086D7CE}
	EndProjectSection
EndProject
Project("{8BC9CEB8-8B4A-11D0-8D11-00A0C91BC942}") = "BulletSoftBodySolvers_OpenCL_NVidia", "src\BulletMultiThreaded\GpuSoftBodySolvers\OpenCL\NVidia\BulletSoftBodySolvers_OpenCL_NVidia.vcxproj", "{B096BA2B-2D2B-4EC1-918B-81F09ACB17A9}"
	ProjectSection(ProjectDependencies) = postProject
		{16C7E0FF-83F0-4C47-9419-EA077086D7CE} = {16C7E0FF-83F0-4C47-9419-EA077086D7CE}
	EndProjectSection
EndProject
Project("{8BC9CEB8-8B4A-11D0-8D11-00A0C91BC942}") = "BulletWorldImporter", "Extras\Serialize\BulletWorldImporter\BulletWorldImporter.vcxproj", "{397D383D-C7E4-42D2-B291-CB112E8EB65F}"
	ProjectSection(ProjectDependencies) = postProject
		{16C7E0FF-83F0-4C47-9419-EA077086D7CE} = {16C7E0FF-83F0-4C47-9419-EA077086D7CE}
	EndProjectSection
EndProject
Project("{8BC9CEB8-8B4A-11D0-8D11-00A0C91BC942}") = "BulletXmlWorldImporter", "Extras\Serialize\BulletXmlWorldImporter\BulletXmlWorldImporter.vcxproj", "{13E19AA1-8C70-441F-B365-CEE27C9AED88}"
	ProjectSection(ProjectDependencies) = postProject
		{16C7E0FF-83F0-4C47-9419-EA077086D7CE} = {16C7E0FF-83F0-4C47-9419-EA077086D7CE}
	EndProjectSection
EndProject
Project("{8BC9CEB8-8B4A-11D0-8D11-00A0C91BC942}") = "ConvexDecomposition", "Extras\ConvexDecomposition\ConvexDecomposition.vcxproj", "{A9ABD516-01F3-40BE-AE1B-60D54D6770B2}"
	ProjectSection(ProjectDependencies) = postProject
		{16C7E0FF-83F0-4C47-9419-EA077086D7CE} = {16C7E0FF-83F0-4C47-9419-EA077086D7CE}
	EndProjectSection
EndProject
Project("{8BC9CEB8-8B4A-11D0-8D11-00A0C91BC942}") = "GIMPACTUtils", "Extras\GIMPACTUtils\GIMPACTUtils.vcxproj", "{014ED593-1F66-4CBB-8D37-0B15CE1EBD74}"
	ProjectSection(ProjectDependencies) = postProject
		{16C7E0FF-83F0-4C47-9419-EA077086D7CE} = {16C7E0FF-83F0-4C47-9419-EA077086D7CE}
	EndProjectSection
EndProject
Project("{8BC9CEB8-8B4A-11D0-8D11-00A0C91BC942}") = "GLUI", "Extras\glui\GLUI.vcxproj", "{AFFFA3A9-7624-45A5-86C0-93E9E068A820}"
	ProjectSection(ProjectDependencies) = postProject
		{16C7E0FF-83F0-4C47-9419-EA077086D7CE} = {16C7E0FF-83F0-4C47-9419-EA077086D7CE}
	EndProjectSection
EndProject
Project("{8BC9CEB8-8B4A-11D0-8D11-00A0C91BC942}") = "HACD", "Extras\HACD\HACD.vcxproj", "{FCA8FAE9-7F53-4E46-8AB2-C8C54689A17E}"
	ProjectSection(ProjectDependencies) = postProject
		{16C7E0FF-83F0-4C47-9419-EA077086D7CE} = {16C7E0FF-83F0-4C47-9419-EA077086D7CE}
	EndProjectSection
EndProject
Project("{8BC9CEB8-8B4A-11D0-8D11-00A0C91BC942}") = "INSTALL", "INSTALL.vcxproj", "{1F0D523D-49FE-439E-94C2-2A999B346786}"
	ProjectSection(ProjectDependencies) = postProject
		{E3E5610F-AE49-480E-AA09-FDB3997E1DFA} = {E3E5610F-AE49-480E-AA09-FDB3997E1DFA}
	EndProjectSection
EndProject
Project("{8BC9CEB8-8B4A-11D0-8D11-00A0C91BC942}") = "LinearMath", "src\LinearMath\LinearMath.vcxproj", "{2074B271-9188-4C0F-B5C3-998A4A1AD1B8}"
	ProjectSection(ProjectDependencies) = postProject
		{16C7E0FF-83F0-4C47-9419-EA077086D7CE} = {16C7E0FF-83F0-4C47-9419-EA077086D7CE}
	EndProjectSection
EndProject
Project("{8BC9CEB8-8B4A-11D0-8D11-00A0C91BC942}") = "MiniCL", "src\MiniCL\MiniCL.vcxproj", "{C0B1D606-B4FD-40A9-9DD4-D269963203BA}"
	ProjectSection(ProjectDependencies) = postProject
		{16C7E0FF-83F0-4C47-9419-EA077086D7CE} = {16C7E0FF-83F0-4C47-9419-EA077086D7CE}
	EndProjectSection
EndProject
Project("{8BC9CEB8-8B4A-11D0-8D11-00A0C91BC942}") = "OpenGLSupport", "Demos\OpenGL\OpenGLSupport.vcxproj", "{53772ADD-7951-45EA-B859-A0DE6E35FB18}"
	ProjectSection(ProjectDependencies) = postProject
		{16C7E0FF-83F0-4C47-9419-EA077086D7CE} = {16C7E0FF-83F0-4C47-9419-EA077086D7CE}
	EndProjectSection
EndProject
Project("{8BC9CEB8-8B4A-11D0-8D11-00A0C91BC942}") = "ZERO_CHECK", "ZERO_CHECK.vcxproj", "{16C7E0FF-83F0-4C47-9419-EA077086D7CE}"
	ProjectSection(ProjectDependencies) = postProject
	EndProjectSection
EndProject
Global
	GlobalSection(SolutionConfigurationPlatforms) = preSolution
		Debug|Win32 = Debug|Win32
		Release|Win32 = Release|Win32
		MinSizeRel|Win32 = MinSizeRel|Win32
		RelWithDebInfo|Win32 = RelWithDebInfo|Win32
	EndGlobalSection
	GlobalSection(ProjectConfigurationPlatforms) = postSolution
		{E3E5610F-AE49-480E-AA09-FDB3997E1DFA}.Debug|Win32.ActiveCfg = Debug|Win32
		{E3E5610F-AE49-480E-AA09-FDB3997E1DFA}.Debug|Win32.Build.0 = Debug|Win32
		{E3E5610F-AE49-480E-AA09-FDB3997E1DFA}.Release|Win32.ActiveCfg = Release|Win32
		{E3E5610F-AE49-480E-AA09-FDB3997E1DFA}.Release|Win32.Build.0 = Release|Win32
		{E3E5610F-AE49-480E-AA09-FDB3997E1DFA}.MinSizeRel|Win32.ActiveCfg = MinSizeRel|Win32
		{E3E5610F-AE49-480E-AA09-FDB3997E1DFA}.MinSizeRel|Win32.Build.0 = MinSizeRel|Win32
		{E3E5610F-AE49-480E-AA09-FDB3997E1DFA}.RelWithDebInfo|Win32.ActiveCfg = RelWithDebInfo|Win32
		{E3E5610F-AE49-480E-AA09-FDB3997E1DFA}.RelWithDebInfo|Win32.Build.0 = RelWithDebInfo|Win32
		{E7C75B03-6ADC-413D-8207-C80CC5C4DF6D}.Debug|Win32.ActiveCfg = Debug|Win32
		{E7C75B03-6ADC-413D-8207-C80CC5C4DF6D}.Debug|Win32.Build.0 = Debug|Win32
		{E7C75B03-6ADC-413D-8207-C80CC5C4DF6D}.Release|Win32.ActiveCfg = Release|Win32
		{E7C75B03-6ADC-413D-8207-C80CC5C4DF6D}.Release|Win32.Build.0 = Release|Win32
		{E7C75B03-6ADC-413D-8207-C80CC5C4DF6D}.MinSizeRel|Win32.ActiveCfg = MinSizeRel|Win32
		{E7C75B03-6ADC-413D-8207-C80CC5C4DF6D}.MinSizeRel|Win32.Build.0 = MinSizeRel|Win32
		{E7C75B03-6ADC-413D-8207-C80CC5C4DF6D}.RelWithDebInfo|Win32.ActiveCfg = RelWithDebInfo|Win32
		{E7C75B03-6ADC-413D-8207-C80CC5C4DF6D}.RelWithDebInfo|Win32.Build.0 = RelWithDebInfo|Win32
		{3D8C92C2-8FD9-442C-8F07-C1BF409B4764}.Debug|Win32.ActiveCfg = Debug|Win32
		{3D8C92C2-8FD9-442C-8F07-C1BF409B4764}.Debug|Win32.Build.0 = Debug|Win32
		{3D8C92C2-8FD9-442C-8F07-C1BF409B4764}.Release|Win32.ActiveCfg = Release|Win32
		{3D8C92C2-8FD9-442C-8F07-C1BF409B4764}.Release|Win32.Build.0 = Release|Win32
		{3D8C92C2-8FD9-442C-8F07-C1BF409B4764}.MinSizeRel|Win32.ActiveCfg = MinSizeRel|Win32
		{3D8C92C2-8FD9-442C-8F07-C1BF409B4764}.MinSizeRel|Win32.Build.0 = MinSizeRel|Win32
		{3D8C92C2-8FD9-442C-8F07-C1BF409B4764}.RelWithDebInfo|Win32.ActiveCfg = RelWithDebInfo|Win32
		{3D8C92C2-8FD9-442C-8F07-C1BF409B4764}.RelWithDebInfo|Win32.Build.0 = RelWithDebInfo|Win32
		{C14D38BF-5475-4AB0-B000-2F879E5DF8F8}.Debug|Win32.ActiveCfg = Debug|Win32
		{C14D38BF-5475-4AB0-B000-2F879E5DF8F8}.Debug|Win32.Build.0 = Debug|Win32
		{C14D38BF-5475-4AB0-B000-2F879E5DF8F8}.Release|Win32.ActiveCfg = Release|Win32
		{C14D38BF-5475-4AB0-B000-2F879E5DF8F8}.Release|Win32.Build.0 = Release|Win32
		{C14D38BF-5475-4AB0-B000-2F879E5DF8F8}.MinSizeRel|Win32.ActiveCfg = MinSizeRel|Win32
		{C14D38BF-5475-4AB0-B000-2F879E5DF8F8}.MinSizeRel|Win32.Build.0 = MinSizeRel|Win32
		{C14D38BF-5475-4AB0-B000-2F879E5DF8F8}.RelWithDebInfo|Win32.ActiveCfg = RelWithDebInfo|Win32
		{C14D38BF-5475-4AB0-B000-2F879E5DF8F8}.RelWithDebInfo|Win32.Build.0 = RelWithDebInfo|Win32
		{9C7CDA30-72F0-4E67-BD48-7C23DE54F017}.Debug|Win32.ActiveCfg = Debug|Win32
		{9C7CDA30-72F0-4E67-BD48-7C23DE54F017}.Debug|Win32.Build.0 = Debug|Win32
		{9C7CDA30-72F0-4E67-BD48-7C23DE54F017}.Release|Win32.ActiveCfg = Release|Win32
		{9C7CDA30-72F0-4E67-BD48-7C23DE54F017}.Release|Win32.Build.0 = Release|Win32
		{9C7CDA30-72F0-4E67-BD48-7C23DE54F017}.MinSizeRel|Win32.ActiveCfg = MinSizeRel|Win32
		{9C7CDA30-72F0-4E67-BD48-7C23DE54F017}.MinSizeRel|Win32.Build.0 = MinSizeRel|Win32
		{9C7CDA30-72F0-4E67-BD48-7C23DE54F017}.RelWithDebInfo|Win32.ActiveCfg = RelWithDebInfo|Win32
		{9C7CDA30-72F0-4E67-BD48-7C23DE54F017}.RelWithDebInfo|Win32.Build.0 = RelWithDebInfo|Win32
		{390CF5BF-2238-4A83-B730-FE29C02AFD23}.Debug|Win32.ActiveCfg = Debug|Win32
		{390CF5BF-2238-4A83-B730-FE29C02AFD23}.Debug|Win32.Build.0 = Debug|Win32
		{390CF5BF-2238-4A83-B730-FE29C02AFD23}.Release|Win32.ActiveCfg = Release|Win32
		{390CF5BF-2238-4A83-B730-FE29C02AFD23}.Release|Win32.Build.0 = Release|Win32
		{390CF5BF-2238-4A83-B730-FE29C02AFD23}.MinSizeRel|Win32.ActiveCfg = MinSizeRel|Win32
		{390CF5BF-2238-4A83-B730-FE29C02AFD23}.MinSizeRel|Win32.Build.0 = MinSizeRel|Win32
		{390CF5BF-2238-4A83-B730-FE29C02AFD23}.RelWithDebInfo|Win32.ActiveCfg = RelWithDebInfo|Win32
		{390CF5BF-2238-4A83-B730-FE29C02AFD23}.RelWithDebInfo|Win32.Build.0 = RelWithDebInfo|Win32
		{BB5942FF-B7C6-47EC-B5BA-C344AEC70560}.Debug|Win32.ActiveCfg = Debug|Win32
		{BB5942FF-B7C6-47EC-B5BA-C344AEC70560}.Debug|Win32.Build.0 = Debug|Win32
		{BB5942FF-B7C6-47EC-B5BA-C344AEC70560}.Release|Win32.ActiveCfg = Release|Win32
		{BB5942FF-B7C6-47EC-B5BA-C344AEC70560}.Release|Win32.Build.0 = Release|Win32
		{BB5942FF-B7C6-47EC-B5BA-C344AEC70560}.MinSizeRel|Win32.ActiveCfg = MinSizeRel|Win32
		{BB5942FF-B7C6-47EC-B5BA-C344AEC70560}.MinSizeRel|Win32.Build.0 = MinSizeRel|Win32
		{BB5942FF-B7C6-47EC-B5BA-C344AEC70560}.RelWithDebInfo|Win32.ActiveCfg = RelWithDebInfo|Win32
		{BB5942FF-B7C6-47EC-B5BA-C344AEC70560}.RelWithDebInfo|Win32.Build.0 = RelWithDebInfo|Win32
		{0FEEC689-132A-40CD-9D9C-033693BA9780}.Debug|Win32.ActiveCfg = Debug|Win32
		{0FEEC689-132A-40CD-9D9C-033693BA9780}.Debug|Win32.Build.0 = Debug|Win32
		{0FEEC689-132A-40CD-9D9C-033693BA9780}.Release|Win32.ActiveCfg = Release|Win32
		{0FEEC689-132A-40CD-9D9C-033693BA9780}.Release|Win32.Build.0 = Release|Win32
		{0FEEC689-132A-40CD-9D9C-033693BA9780}.MinSizeRel|Win32.ActiveCfg = MinSizeRel|Win32
		{0FEEC689-132A-40CD-9D9C-033693BA9780}.MinSizeRel|Win32.Build.0 = MinSizeRel|Win32
		{0FEEC689-132A-40CD-9D9C-033693BA9780}.RelWithDebInfo|Win32.ActiveCfg = RelWithDebInfo|Win32
		{0FEEC689-132A-40CD-9D9C-033693BA9780}.RelWithDebInfo|Win32.Build.0 = RelWithDebInfo|Win32
		{136000E0-4BDA-427D-97A9-D82BB2424688}.Debug|Win32.ActiveCfg = Debug|Win32
		{136000E0-4BDA-427D-97A9-D82BB2424688}.Debug|Win32.Build.0 = Debug|Win32
		{136000E0-4BDA-427D-97A9-D82BB2424688}.Release|Win32.ActiveCfg = Release|Win32
		{136000E0-4BDA-427D-97A9-D82BB2424688}.Release|Win32.Build.0 = Release|Win32
		{136000E0-4BDA-427D-97A9-D82BB2424688}.MinSizeRel|Win32.ActiveCfg = MinSizeRel|Win32
		{136000E0-4BDA-427D-97A9-D82BB2424688}.MinSizeRel|Win32.Build.0 = MinSizeRel|Win32
		{136000E0-4BDA-427D-97A9-D82BB2424688}.RelWithDebInfo|Win32.ActiveCfg = RelWithDebInfo|Win32
		{136000E0-4BDA-427D-97A9-D82BB2424688}.RelWithDebInfo|Win32.Build.0 = RelWithDebInfo|Win32
		{024BB7DC-B787-4A4B-B8AB-27B3313DBC51}.Debug|Win32.ActiveCfg = Debug|Win32
		{024BB7DC-B787-4A4B-B8AB-27B3313DBC51}.Debug|Win32.Build.0 = Debug|Win32
		{024BB7DC-B787-4A4B-B8AB-27B3313DBC51}.Release|Win32.ActiveCfg = Release|Win32
		{024BB7DC-B787-4A4B-B8AB-27B3313DBC51}.Release|Win32.Build.0 = Release|Win32
		{024BB7DC-B787-4A4B-B8AB-27B3313DBC51}.MinSizeRel|Win32.ActiveCfg = MinSizeRel|Win32
		{024BB7DC-B787-4A4B-B8AB-27B3313DBC51}.MinSizeRel|Win32.Build.0 = MinSizeRel|Win32
		{024BB7DC-B787-4A4B-B8AB-27B3313DBC51}.RelWithDebInfo|Win32.ActiveCfg = RelWithDebInfo|Win32
		{024BB7DC-B787-4A4B-B8AB-27B3313DBC51}.RelWithDebInfo|Win32.Build.0 = RelWithDebInfo|Win32
		{03966C42-FF6A-46D2-9D15-96366E065DA2}.Debug|Win32.ActiveCfg = Debug|Win32
		{03966C42-FF6A-46D2-9D15-96366E065DA2}.Debug|Win32.Build.0 = Debug|Win32
		{03966C42-FF6A-46D2-9D15-96366E065DA2}.Release|Win32.ActiveCfg = Release|Win32
		{03966C42-FF6A-46D2-9D15-96366E065DA2}.Release|Win32.Build.0 = Release|Win32
		{03966C42-FF6A-46D2-9D15-96366E065DA2}.MinSizeRel|Win32.ActiveCfg = MinSizeRel|Win32
		{03966C42-FF6A-46D2-9D15-96366E065DA2}.MinSizeRel|Win32.Build.0 = MinSizeRel|Win32
		{03966C42-FF6A-46D2-9D15-96366E065DA2}.RelWithDebInfo|Win32.ActiveCfg = RelWithDebInfo|Win32
		{03966C42-FF6A-46D2-9D15-96366E065DA2}.RelWithDebInfo|Win32.Build.0 = RelWithDebInfo|Win32
		{4E1B20C2-6E2C-4954-9F01-4577EC0D9216}.Debug|Win32.ActiveCfg = Debug|Win32
		{4E1B20C2-6E2C-4954-9F01-4577EC0D9216}.Debug|Win32.Build.0 = Debug|Win32
		{4E1B20C2-6E2C-4954-9F01-4577EC0D9216}.Release|Win32.ActiveCfg = Release|Win32
		{4E1B20C2-6E2C-4954-9F01-4577EC0D9216}.Release|Win32.Build.0 = Release|Win32
		{4E1B20C2-6E2C-4954-9F01-4577EC0D9216}.MinSizeRel|Win32.ActiveCfg = MinSizeRel|Win32
		{4E1B20C2-6E2C-4954-9F01-4577EC0D9216}.MinSizeRel|Win32.Build.0 = MinSizeRel|Win32
		{4E1B20C2-6E2C-4954-9F01-4577EC0D9216}.RelWithDebInfo|Win32.ActiveCfg = RelWithDebInfo|Win32
		{4E1B20C2-6E2C-4954-9F01-4577EC0D9216}.RelWithDebInfo|Win32.Build.0 = RelWithDebInfo|Win32
		{EA97D9A7-6671-4E9B-A2CE-AFAF56079507}.Debug|Win32.ActiveCfg = Debug|Win32
		{EA97D9A7-6671-4E9B-A2CE-AFAF56079507}.Debug|Win32.Build.0 = Debug|Win32
		{EA97D9A7-6671-4E9B-A2CE-AFAF56079507}.Release|Win32.ActiveCfg = Release|Win32
		{EA97D9A7-6671-4E9B-A2CE-AFAF56079507}.Release|Win32.Build.0 = Release|Win32
		{EA97D9A7-6671-4E9B-A2CE-AFAF56079507}.MinSizeRel|Win32.ActiveCfg = MinSizeRel|Win32
		{EA97D9A7-6671-4E9B-A2CE-AFAF56079507}.MinSizeRel|Win32.Build.0 = MinSizeRel|Win32
		{EA97D9A7-6671-4E9B-A2CE-AFAF56079507}.RelWithDebInfo|Win32.ActiveCfg = RelWithDebInfo|Win32
		{EA97D9A7-6671-4E9B-A2CE-AFAF56079507}.RelWithDebInfo|Win32.Build.0 = RelWithDebInfo|Win32
		{3B930627-F2D7-43A1-B6DC-FBFC01FB6CE5}.Debug|Win32.ActiveCfg = Debug|Win32
		{3B930627-F2D7-43A1-B6DC-FBFC01FB6CE5}.Debug|Win32.Build.0 = Debug|Win32
		{3B930627-F2D7-43A1-B6DC-FBFC01FB6CE5}.Release|Win32.ActiveCfg = Release|Win32
		{3B930627-F2D7-43A1-B6DC-FBFC01FB6CE5}.Release|Win32.Build.0 = Release|Win32
		{3B930627-F2D7-43A1-B6DC-FBFC01FB6CE5}.MinSizeRel|Win32.ActiveCfg = MinSizeRel|Win32
		{3B930627-F2D7-43A1-B6DC-FBFC01FB6CE5}.MinSizeRel|Win32.Build.0 = MinSizeRel|Win32
		{3B930627-F2D7-43A1-B6DC-FBFC01FB6CE5}.RelWithDebInfo|Win32.ActiveCfg = RelWithDebInfo|Win32
		{3B930627-F2D7-43A1-B6DC-FBFC01FB6CE5}.RelWithDebInfo|Win32.Build.0 = RelWithDebInfo|Win32
		{ADF03EC9-BEF7-4FEA-BB65-C84FAAD4CFB0}.Debug|Win32.ActiveCfg = Debug|Win32
		{ADF03EC9-BEF7-4FEA-BB65-C84FAAD4CFB0}.Debug|Win32.Build.0 = Debug|Win32
		{ADF03EC9-BEF7-4FEA-BB65-C84FAAD4CFB0}.Release|Win32.ActiveCfg = Release|Win32
		{ADF03EC9-BEF7-4FEA-BB65-C84FAAD4CFB0}.Release|Win32.Build.0 = Release|Win32
		{ADF03EC9-BEF7-4FEA-BB65-C84FAAD4CFB0}.MinSizeRel|Win32.ActiveCfg = MinSizeRel|Win32
		{ADF03EC9-BEF7-4FEA-BB65-C84FAAD4CFB0}.MinSizeRel|Win32.Build.0 = MinSizeRel|Win32
		{ADF03EC9-BEF7-4FEA-BB65-C84FAAD4CFB0}.RelWithDebInfo|Win32.ActiveCfg = RelWithDebInfo|Win32
		{ADF03EC9-BEF7-4FEA-BB65-C84FAAD4CFB0}.RelWithDebInfo|Win32.Build.0 = RelWithDebInfo|Win32
		{31C86FFE-CCB0-4327-84D3-5F01D175B0B8}.Debug|Win32.ActiveCfg = Debug|Win32
		{31C86FFE-CCB0-4327-84D3-5F01D175B0B8}.Debug|Win32.Build.0 = Debug|Win32
		{31C86FFE-CCB0-4327-84D3-5F01D175B0B8}.Release|Win32.ActiveCfg = Release|Win32
		{31C86FFE-CCB0-4327-84D3-5F01D175B0B8}.Release|Win32.Build.0 = Release|Win32
		{31C86FFE-CCB0-4327-84D3-5F01D175B0B8}.MinSizeRel|Win32.ActiveCfg = MinSizeRel|Win32
		{31C86FFE-CCB0-4327-84D3-5F01D175B0B8}.MinSizeRel|Win32.Build.0 = MinSizeRel|Win32
		{31C86FFE-CCB0-4327-84D3-5F01D175B0B8}.RelWithDebInfo|Win32.ActiveCfg = RelWithDebInfo|Win32
		{31C86FFE-CCB0-4327-84D3-5F01D175B0B8}.RelWithDebInfo|Win32.Build.0 = RelWithDebInfo|Win32
		{9B72DC1D-D027-40CA-B536-65169391999B}.Debug|Win32.ActiveCfg = Debug|Win32
		{9B72DC1D-D027-40CA-B536-65169391999B}.Debug|Win32.Build.0 = Debug|Win32
		{9B72DC1D-D027-40CA-B536-65169391999B}.Release|Win32.ActiveCfg = Release|Win32
		{9B72DC1D-D027-40CA-B536-65169391999B}.Release|Win32.Build.0 = Release|Win32
		{9B72DC1D-D027-40CA-B536-65169391999B}.MinSizeRel|Win32.ActiveCfg = MinSizeRel|Win32
		{9B72DC1D-D027-40CA-B536-65169391999B}.MinSizeRel|Win32.Build.0 = MinSizeRel|Win32
		{9B72DC1D-D027-40CA-B536-65169391999B}.RelWithDebInfo|Win32.ActiveCfg = RelWithDebInfo|Win32
		{9B72DC1D-D027-40CA-B536-65169391999B}.RelWithDebInfo|Win32.Build.0 = RelWithDebInfo|Win32
		{92F9DD8E-AB87-4EA9-B987-BA9EC917509B}.Debug|Win32.ActiveCfg = Debug|Win32
		{92F9DD8E-AB87-4EA9-B987-BA9EC917509B}.Debug|Win32.Build.0 = Debug|Win32
		{92F9DD8E-AB87-4EA9-B987-BA9EC917509B}.Release|Win32.ActiveCfg = Release|Win32
		{92F9DD8E-AB87-4EA9-B987-BA9EC917509B}.Release|Win32.Build.0 = Release|Win32
		{92F9DD8E-AB87-4EA9-B987-BA9EC917509B}.MinSizeRel|Win32.ActiveCfg = MinSizeRel|Win32
		{92F9DD8E-AB87-4EA9-B987-BA9EC917509B}.MinSizeRel|Win32.Build.0 = MinSizeRel|Win32
		{92F9DD8E-AB87-4EA9-B987-BA9EC917509B}.RelWithDebInfo|Win32.ActiveCfg = RelWithDebInfo|Win32
		{92F9DD8E-AB87-4EA9-B987-BA9EC917509B}.RelWithDebInfo|Win32.Build.0 = RelWithDebInfo|Win32
		{342C01AC-AB93-4F9A-A1E5-29F22E3FF3CC}.Debug|Win32.ActiveCfg = Debug|Win32
		{342C01AC-AB93-4F9A-A1E5-29F22E3FF3CC}.Debug|Win32.Build.0 = Debug|Win32
		{342C01AC-AB93-4F9A-A1E5-29F22E3FF3CC}.Release|Win32.ActiveCfg = Release|Win32
		{342C01AC-AB93-4F9A-A1E5-29F22E3FF3CC}.Release|Win32.Build.0 = Release|Win32
		{342C01AC-AB93-4F9A-A1E5-29F22E3FF3CC}.MinSizeRel|Win32.ActiveCfg = MinSizeRel|Win32
		{342C01AC-AB93-4F9A-A1E5-29F22E3FF3CC}.MinSizeRel|Win32.Build.0 = MinSizeRel|Win32
		{342C01AC-AB93-4F9A-A1E5-29F22E3FF3CC}.RelWithDebInfo|Win32.ActiveCfg = RelWithDebInfo|Win32
		{342C01AC-AB93-4F9A-A1E5-29F22E3FF3CC}.RelWithDebInfo|Win32.Build.0 = RelWithDebInfo|Win32
		{D0C53148-256F-49ED-B2D6-811F5E8D49AC}.Debug|Win32.ActiveCfg = Debug|Win32
		{D0C53148-256F-49ED-B2D6-811F5E8D49AC}.Debug|Win32.Build.0 = Debug|Win32
		{D0C53148-256F-49ED-B2D6-811F5E8D49AC}.Release|Win32.ActiveCfg = Release|Win32
		{D0C53148-256F-49ED-B2D6-811F5E8D49AC}.Release|Win32.Build.0 = Release|Win32
		{D0C53148-256F-49ED-B2D6-811F5E8D49AC}.MinSizeRel|Win32.ActiveCfg = MinSizeRel|Win32
		{D0C53148-256F-49ED-B2D6-811F5E8D49AC}.MinSizeRel|Win32.Build.0 = MinSizeRel|Win32
		{D0C53148-256F-49ED-B2D6-811F5E8D49AC}.RelWithDebInfo|Win32.ActiveCfg = RelWithDebInfo|Win32
		{D0C53148-256F-49ED-B2D6-811F5E8D49AC}.RelWithDebInfo|Win32.Build.0 = RelWithDebInfo|Win32
		{A4EC4191-1E99-44FA-B9A2-A50F412F479A}.Debug|Win32.ActiveCfg = Debug|Win32
		{A4EC4191-1E99-44FA-B9A2-A50F412F479A}.Debug|Win32.Build.0 = Debug|Win32
		{A4EC4191-1E99-44FA-B9A2-A50F412F479A}.Release|Win32.ActiveCfg = Release|Win32
		{A4EC4191-1E99-44FA-B9A2-A50F412F479A}.Release|Win32.Build.0 = Release|Win32
		{A4EC4191-1E99-44FA-B9A2-A50F412F479A}.MinSizeRel|Win32.ActiveCfg = MinSizeRel|Win32
		{A4EC4191-1E99-44FA-B9A2-A50F412F479A}.MinSizeRel|Win32.Build.0 = MinSizeRel|Win32
		{A4EC4191-1E99-44FA-B9A2-A50F412F479A}.RelWithDebInfo|Win32.ActiveCfg = RelWithDebInfo|Win32
		{A4EC4191-1E99-44FA-B9A2-A50F412F479A}.RelWithDebInfo|Win32.Build.0 = RelWithDebInfo|Win32
		{75D093A9-6606-46C8-BD51-FA036EB69292}.Debug|Win32.ActiveCfg = Debug|Win32
		{75D093A9-6606-46C8-BD51-FA036EB69292}.Debug|Win32.Build.0 = Debug|Win32
		{75D093A9-6606-46C8-BD51-FA036EB69292}.Release|Win32.ActiveCfg = Release|Win32
		{75D093A9-6606-46C8-BD51-FA036EB69292}.Release|Win32.Build.0 = Release|Win32
		{75D093A9-6606-46C8-BD51-FA036EB69292}.MinSizeRel|Win32.ActiveCfg = MinSizeRel|Win32
		{75D093A9-6606-46C8-BD51-FA036EB69292}.MinSizeRel|Win32.Build.0 = MinSizeRel|Win32
		{75D093A9-6606-46C8-BD51-FA036EB69292}.RelWithDebInfo|Win32.ActiveCfg = RelWithDebInfo|Win32
		{75D093A9-6606-46C8-BD51-FA036EB69292}.RelWithDebInfo|Win32.Build.0 = RelWithDebInfo|Win32
		{691996F2-75B9-4AA1-8326-7E9BF69D4120}.Debug|Win32.ActiveCfg = Debug|Win32
		{691996F2-75B9-4AA1-8326-7E9BF69D4120}.Debug|Win32.Build.0 = Debug|Win32
		{691996F2-75B9-4AA1-8326-7E9BF69D4120}.Release|Win32.ActiveCfg = Release|Win32
		{691996F2-75B9-4AA1-8326-7E9BF69D4120}.Release|Win32.Build.0 = Release|Win32
		{691996F2-75B9-4AA1-8326-7E9BF69D4120}.MinSizeRel|Win32.ActiveCfg = MinSizeRel|Win32
		{691996F2-75B9-4AA1-8326-7E9BF69D4120}.MinSizeRel|Win32.Build.0 = MinSizeRel|Win32
		{691996F2-75B9-4AA1-8326-7E9BF69D4120}.RelWithDebInfo|Win32.ActiveCfg = RelWithDebInfo|Win32
		{691996F2-75B9-4AA1-8326-7E9BF69D4120}.RelWithDebInfo|Win32.Build.0 = RelWithDebInfo|Win32
		{97384A7B-EC0F-45D2-9C96-C48279BAE653}.Debug|Win32.ActiveCfg = Debug|Win32
		{97384A7B-EC0F-45D2-9C96-C48279BAE653}.Debug|Win32.Build.0 = Debug|Win32
		{97384A7B-EC0F-45D2-9C96-C48279BAE653}.Release|Win32.ActiveCfg = Release|Win32
		{97384A7B-EC0F-45D2-9C96-C48279BAE653}.Release|Win32.Build.0 = Release|Win32
		{97384A7B-EC0F-45D2-9C96-C48279BAE653}.MinSizeRel|Win32.ActiveCfg = MinSizeRel|Win32
		{97384A7B-EC0F-45D2-9C96-C48279BAE653}.MinSizeRel|Win32.Build.0 = MinSizeRel|Win32
		{97384A7B-EC0F-45D2-9C96-C48279BAE653}.RelWithDebInfo|Win32.ActiveCfg = RelWithDebInfo|Win32
		{97384A7B-EC0F-45D2-9C96-C48279BAE653}.RelWithDebInfo|Win32.Build.0 = RelWithDebInfo|Win32
		{9559F12B-BC1A-42E1-8C5B-9794A32F0EBB}.Debug|Win32.ActiveCfg = Debug|Win32
		{9559F12B-BC1A-42E1-8C5B-9794A32F0EBB}.Debug|Win32.Build.0 = Debug|Win32
		{9559F12B-BC1A-42E1-8C5B-9794A32F0EBB}.Release|Win32.ActiveCfg = Release|Win32
		{9559F12B-BC1A-42E1-8C5B-9794A32F0EBB}.Release|Win32.Build.0 = Release|Win32
		{9559F12B-BC1A-42E1-8C5B-9794A32F0EBB}.MinSizeRel|Win32.ActiveCfg = MinSizeRel|Win32
		{9559F12B-BC1A-42E1-8C5B-9794A32F0EBB}.MinSizeRel|Win32.Build.0 = MinSizeRel|Win32
		{9559F12B-BC1A-42E1-8C5B-9794A32F0EBB}.RelWithDebInfo|Win32.ActiveCfg = RelWithDebInfo|Win32
		{9559F12B-BC1A-42E1-8C5B-9794A32F0EBB}.RelWithDebInfo|Win32.Build.0 = RelWithDebInfo|Win32
		{609FD184-2B12-4C5B-8E24-EF92F814C633}.Debug|Win32.ActiveCfg = Debug|Win32
		{609FD184-2B12-4C5B-8E24-EF92F814C633}.Debug|Win32.Build.0 = Debug|Win32
		{609FD184-2B12-4C5B-8E24-EF92F814C633}.Release|Win32.ActiveCfg = Release|Win32
		{609FD184-2B12-4C5B-8E24-EF92F814C633}.Release|Win32.Build.0 = Release|Win32
		{609FD184-2B12-4C5B-8E24-EF92F814C633}.MinSizeRel|Win32.ActiveCfg = MinSizeRel|Win32
		{609FD184-2B12-4C5B-8E24-EF92F814C633}.MinSizeRel|Win32.Build.0 = MinSizeRel|Win32
		{609FD184-2B12-4C5B-8E24-EF92F814C633}.RelWithDebInfo|Win32.ActiveCfg = RelWithDebInfo|Win32
		{609FD184-2B12-4C5B-8E24-EF92F814C633}.RelWithDebInfo|Win32.Build.0 = RelWithDebInfo|Win32
		{6D9E7EE6-8C1A-4400-A76F-9ACDED258F4D}.Debug|Win32.ActiveCfg = Debug|Win32
		{6D9E7EE6-8C1A-4400-A76F-9ACDED258F4D}.Debug|Win32.Build.0 = Debug|Win32
		{6D9E7EE6-8C1A-4400-A76F-9ACDED258F4D}.Release|Win32.ActiveCfg = Release|Win32
		{6D9E7EE6-8C1A-4400-A76F-9ACDED258F4D}.Release|Win32.Build.0 = Release|Win32
		{6D9E7EE6-8C1A-4400-A76F-9ACDED258F4D}.MinSizeRel|Win32.ActiveCfg = MinSizeRel|Win32
		{6D9E7EE6-8C1A-4400-A76F-9ACDED258F4D}.MinSizeRel|Win32.Build.0 = MinSizeRel|Win32
		{6D9E7EE6-8C1A-4400-A76F-9ACDED258F4D}.RelWithDebInfo|Win32.ActiveCfg = RelWithDebInfo|Win32
		{6D9E7EE6-8C1A-4400-A76F-9ACDED258F4D}.RelWithDebInfo|Win32.Build.0 = RelWithDebInfo|Win32
		{5040842B-EFA5-48A3-9883-4CE7990041EA}.Debug|Win32.ActiveCfg = Debug|Win32
		{5040842B-EFA5-48A3-9883-4CE7990041EA}.Debug|Win32.Build.0 = Debug|Win32
		{5040842B-EFA5-48A3-9883-4CE7990041EA}.Release|Win32.ActiveCfg = Release|Win32
		{5040842B-EFA5-48A3-9883-4CE7990041EA}.Release|Win32.Build.0 = Release|Win32
		{5040842B-EFA5-48A3-9883-4CE7990041EA}.MinSizeRel|Win32.ActiveCfg = MinSizeRel|Win32
		{5040842B-EFA5-48A3-9883-4CE7990041EA}.MinSizeRel|Win32.Build.0 = MinSizeRel|Win32
		{5040842B-EFA5-48A3-9883-4CE7990041EA}.RelWithDebInfo|Win32.ActiveCfg = RelWithDebInfo|Win32
		{5040842B-EFA5-48A3-9883-4CE7990041EA}.RelWithDebInfo|Win32.Build.0 = RelWithDebInfo|Win32
		{AB1A2524-1667-4201-8069-53785054DF05}.Debug|Win32.ActiveCfg = Debug|Win32
		{AB1A2524-1667-4201-8069-53785054DF05}.Debug|Win32.Build.0 = Debug|Win32
		{AB1A2524-1667-4201-8069-53785054DF05}.Release|Win32.ActiveCfg = Release|Win32
		{AB1A2524-1667-4201-8069-53785054DF05}.Release|Win32.Build.0 = Release|Win32
		{AB1A2524-1667-4201-8069-53785054DF05}.MinSizeRel|Win32.ActiveCfg = MinSizeRel|Win32
		{AB1A2524-1667-4201-8069-53785054DF05}.MinSizeRel|Win32.Build.0 = MinSizeRel|Win32
		{AB1A2524-1667-4201-8069-53785054DF05}.RelWithDebInfo|Win32.ActiveCfg = RelWithDebInfo|Win32
		{AB1A2524-1667-4201-8069-53785054DF05}.RelWithDebInfo|Win32.Build.0 = RelWithDebInfo|Win32
		{92CF886B-7872-4B47-9393-B3D199331CA5}.Debug|Win32.ActiveCfg = Debug|Win32
		{92CF886B-7872-4B47-9393-B3D199331CA5}.Debug|Win32.Build.0 = Debug|Win32
		{92CF886B-7872-4B47-9393-B3D199331CA5}.Release|Win32.ActiveCfg = Release|Win32
		{92CF886B-7872-4B47-9393-B3D199331CA5}.Release|Win32.Build.0 = Release|Win32
		{92CF886B-7872-4B47-9393-B3D199331CA5}.MinSizeRel|Win32.ActiveCfg = MinSizeRel|Win32
		{92CF886B-7872-4B47-9393-B3D199331CA5}.MinSizeRel|Win32.Build.0 = MinSizeRel|Win32
		{92CF886B-7872-4B47-9393-B3D199331CA5}.RelWithDebInfo|Win32.ActiveCfg = RelWithDebInfo|Win32
		{92CF886B-7872-4B47-9393-B3D199331CA5}.RelWithDebInfo|Win32.Build.0 = RelWithDebInfo|Win32
		{9AC86D3C-33C8-4188-AF78-7856BA983A60}.Debug|Win32.ActiveCfg = Debug|Win32
		{9AC86D3C-33C8-4188-AF78-7856BA983A60}.Debug|Win32.Build.0 = Debug|Win32
		{9AC86D3C-33C8-4188-AF78-7856BA983A60}.Release|Win32.ActiveCfg = Release|Win32
		{9AC86D3C-33C8-4188-AF78-7856BA983A60}.Release|Win32.Build.0 = Release|Win32
		{9AC86D3C-33C8-4188-AF78-7856BA983A60}.MinSizeRel|Win32.ActiveCfg = MinSizeRel|Win32
		{9AC86D3C-33C8-4188-AF78-7856BA983A60}.MinSizeRel|Win32.Build.0 = MinSizeRel|Win32
		{9AC86D3C-33C8-4188-AF78-7856BA983A60}.RelWithDebInfo|Win32.ActiveCfg = RelWithDebInfo|Win32
		{9AC86D3C-33C8-4188-AF78-7856BA983A60}.RelWithDebInfo|Win32.Build.0 = RelWithDebInfo|Win32
		{806077A9-F816-4425-96F7-29A41DCC7078}.Debug|Win32.ActiveCfg = Debug|Win32
		{806077A9-F816-4425-96F7-29A41DCC7078}.Debug|Win32.Build.0 = Debug|Win32
		{806077A9-F816-4425-96F7-29A41DCC7078}.Release|Win32.ActiveCfg = Release|Win32
		{806077A9-F816-4425-96F7-29A41DCC7078}.Release|Win32.Build.0 = Release|Win32
		{806077A9-F816-4425-96F7-29A41DCC7078}.MinSizeRel|Win32.ActiveCfg = MinSizeRel|Win32
		{806077A9-F816-4425-96F7-29A41DCC7078}.MinSizeRel|Win32.Build.0 = MinSizeRel|Win32
		{806077A9-F816-4425-96F7-29A41DCC7078}.RelWithDebInfo|Win32.ActiveCfg = RelWithDebInfo|Win32
		{806077A9-F816-4425-96F7-29A41DCC7078}.RelWithDebInfo|Win32.Build.0 = RelWithDebInfo|Win32
		{189C4CB8-FCC8-41BC-86D9-2E04DC77F2BA}.Debug|Win32.ActiveCfg = Debug|Win32
		{189C4CB8-FCC8-41BC-86D9-2E04DC77F2BA}.Debug|Win32.Build.0 = Debug|Win32
		{189C4CB8-FCC8-41BC-86D9-2E04DC77F2BA}.Release|Win32.ActiveCfg = Release|Win32
		{189C4CB8-FCC8-41BC-86D9-2E04DC77F2BA}.Release|Win32.Build.0 = Release|Win32
		{189C4CB8-FCC8-41BC-86D9-2E04DC77F2BA}.MinSizeRel|Win32.ActiveCfg = MinSizeRel|Win32
		{189C4CB8-FCC8-41BC-86D9-2E04DC77F2BA}.MinSizeRel|Win32.Build.0 = MinSizeRel|Win32
		{189C4CB8-FCC8-41BC-86D9-2E04DC77F2BA}.RelWithDebInfo|Win32.ActiveCfg = RelWithDebInfo|Win32
		{189C4CB8-FCC8-41BC-86D9-2E04DC77F2BA}.RelWithDebInfo|Win32.Build.0 = RelWithDebInfo|Win32
		{A4707AE6-600B-41B9-8DF4-4CE78355BE65}.Debug|Win32.ActiveCfg = Debug|Win32
		{A4707AE6-600B-41B9-8DF4-4CE78355BE65}.Debug|Win32.Build.0 = Debug|Win32
		{A4707AE6-600B-41B9-8DF4-4CE78355BE65}.Release|Win32.ActiveCfg = Release|Win32
		{A4707AE6-600B-41B9-8DF4-4CE78355BE65}.Release|Win32.Build.0 = Release|Win32
		{A4707AE6-600B-41B9-8DF4-4CE78355BE65}.MinSizeRel|Win32.ActiveCfg = MinSizeRel|Win32
		{A4707AE6-600B-41B9-8DF4-4CE78355BE65}.MinSizeRel|Win32.Build.0 = MinSizeRel|Win32
		{A4707AE6-600B-41B9-8DF4-4CE78355BE65}.RelWithDebInfo|Win32.ActiveCfg = RelWithDebInfo|Win32
		{A4707AE6-600B-41B9-8DF4-4CE78355BE65}.RelWithDebInfo|Win32.Build.0 = RelWithDebInfo|Win32
		{6A678937-D932-446D-B61F-344FEAB1CF77}.Debug|Win32.ActiveCfg = Debug|Win32
		{6A678937-D932-446D-B61F-344FEAB1CF77}.Debug|Win32.Build.0 = Debug|Win32
		{6A678937-D932-446D-B61F-344FEAB1CF77}.Release|Win32.ActiveCfg = Release|Win32
		{6A678937-D932-446D-B61F-344FEAB1CF77}.Release|Win32.Build.0 = Release|Win32
		{6A678937-D932-446D-B61F-344FEAB1CF77}.MinSizeRel|Win32.ActiveCfg = MinSizeRel|Win32
		{6A678937-D932-446D-B61F-344FEAB1CF77}.MinSizeRel|Win32.Build.0 = MinSizeRel|Win32
		{6A678937-D932-446D-B61F-344FEAB1CF77}.RelWithDebInfo|Win32.ActiveCfg = RelWithDebInfo|Win32
		{6A678937-D932-446D-B61F-344FEAB1CF77}.RelWithDebInfo|Win32.Build.0 = RelWithDebInfo|Win32
		{9244CFE2-F8C5-4A30-8DEB-A4AB80E2FA33}.Debug|Win32.ActiveCfg = Debug|Win32
		{9244CFE2-F8C5-4A30-8DEB-A4AB80E2FA33}.Debug|Win32.Build.0 = Debug|Win32
		{9244CFE2-F8C5-4A30-8DEB-A4AB80E2FA33}.Release|Win32.ActiveCfg = Release|Win32
		{9244CFE2-F8C5-4A30-8DEB-A4AB80E2FA33}.Release|Win32.Build.0 = Release|Win32
		{9244CFE2-F8C5-4A30-8DEB-A4AB80E2FA33}.MinSizeRel|Win32.ActiveCfg = MinSizeRel|Win32
		{9244CFE2-F8C5-4A30-8DEB-A4AB80E2FA33}.MinSizeRel|Win32.Build.0 = MinSizeRel|Win32
		{9244CFE2-F8C5-4A30-8DEB-A4AB80E2FA33}.RelWithDebInfo|Win32.ActiveCfg = RelWithDebInfo|Win32
		{9244CFE2-F8C5-4A30-8DEB-A4AB80E2FA33}.RelWithDebInfo|Win32.Build.0 = RelWithDebInfo|Win32
		{C9FB2A58-4B4D-407D-9B48-99BDD0CB576E}.Debug|Win32.ActiveCfg = Debug|Win32
		{C9FB2A58-4B4D-407D-9B48-99BDD0CB576E}.Debug|Win32.Build.0 = Debug|Win32
		{C9FB2A58-4B4D-407D-9B48-99BDD0CB576E}.Release|Win32.ActiveCfg = Release|Win32
		{C9FB2A58-4B4D-407D-9B48-99BDD0CB576E}.Release|Win32.Build.0 = Release|Win32
		{C9FB2A58-4B4D-407D-9B48-99BDD0CB576E}.MinSizeRel|Win32.ActiveCfg = MinSizeRel|Win32
		{C9FB2A58-4B4D-407D-9B48-99BDD0CB576E}.MinSizeRel|Win32.Build.0 = MinSizeRel|Win32
		{C9FB2A58-4B4D-407D-9B48-99BDD0CB576E}.RelWithDebInfo|Win32.ActiveCfg = RelWithDebInfo|Win32
		{C9FB2A58-4B4D-407D-9B48-99BDD0CB576E}.RelWithDebInfo|Win32.Build.0 = RelWithDebInfo|Win32
		{540D32CB-A729-41AB-BFCD-2C0682C6A1E4}.Debug|Win32.ActiveCfg = Debug|Win32
		{540D32CB-A729-41AB-BFCD-2C0682C6A1E4}.Debug|Win32.Build.0 = Debug|Win32
		{540D32CB-A729-41AB-BFCD-2C0682C6A1E4}.Release|Win32.ActiveCfg = Release|Win32
		{540D32CB-A729-41AB-BFCD-2C0682C6A1E4}.Release|Win32.Build.0 = Release|Win32
		{540D32CB-A729-41AB-BFCD-2C0682C6A1E4}.MinSizeRel|Win32.ActiveCfg = MinSizeRel|Win32
		{540D32CB-A729-41AB-BFCD-2C0682C6A1E4}.MinSizeRel|Win32.Build.0 = MinSizeRel|Win32
		{540D32CB-A729-41AB-BFCD-2C0682C6A1E4}.RelWithDebInfo|Win32.ActiveCfg = RelWithDebInfo|Win32
		{540D32CB-A729-41AB-BFCD-2C0682C6A1E4}.RelWithDebInfo|Win32.Build.0 = RelWithDebInfo|Win32
		{0BD4C75B-1F87-4B99-BBD9-3F47579654BE}.Debug|Win32.ActiveCfg = Debug|Win32
		{0BD4C75B-1F87-4B99-BBD9-3F47579654BE}.Debug|Win32.Build.0 = Debug|Win32
		{0BD4C75B-1F87-4B99-BBD9-3F47579654BE}.Release|Win32.ActiveCfg = Release|Win32
		{0BD4C75B-1F87-4B99-BBD9-3F47579654BE}.Release|Win32.Build.0 = Release|Win32
		{0BD4C75B-1F87-4B99-BBD9-3F47579654BE}.MinSizeRel|Win32.ActiveCfg = MinSizeRel|Win32
		{0BD4C75B-1F87-4B99-BBD9-3F47579654BE}.MinSizeRel|Win32.Build.0 = MinSizeRel|Win32
		{0BD4C75B-1F87-4B99-BBD9-3F47579654BE}.RelWithDebInfo|Win32.ActiveCfg = RelWithDebInfo|Win32
		{0BD4C75B-1F87-4B99-BBD9-3F47579654BE}.RelWithDebInfo|Win32.Build.0 = RelWithDebInfo|Win32
		{AC431BA6-6A8B-45D3-B40C-7FBD8541E3C2}.Debug|Win32.ActiveCfg = Debug|Win32
		{AC431BA6-6A8B-45D3-B40C-7FBD8541E3C2}.Debug|Win32.Build.0 = Debug|Win32
		{AC431BA6-6A8B-45D3-B40C-7FBD8541E3C2}.Release|Win32.ActiveCfg = Release|Win32
		{AC431BA6-6A8B-45D3-B40C-7FBD8541E3C2}.Release|Win32.Build.0 = Release|Win32
		{AC431BA6-6A8B-45D3-B40C-7FBD8541E3C2}.MinSizeRel|Win32.ActiveCfg = MinSizeRel|Win32
		{AC431BA6-6A8B-45D3-B40C-7FBD8541E3C2}.MinSizeRel|Win32.Build.0 = MinSizeRel|Win32
		{AC431BA6-6A8B-45D3-B40C-7FBD8541E3C2}.RelWithDebInfo|Win32.ActiveCfg = RelWithDebInfo|Win32
		{AC431BA6-6A8B-45D3-B40C-7FBD8541E3C2}.RelWithDebInfo|Win32.Build.0 = RelWithDebInfo|Win32
		{1876E9B7-0069-4490-AA63-5D1AAA03AFAF}.Debug|Win32.ActiveCfg = Debug|Win32
		{1876E9B7-0069-4490-AA63-5D1AAA03AFAF}.Debug|Win32.Build.0 = Debug|Win32
		{1876E9B7-0069-4490-AA63-5D1AAA03AFAF}.Release|Win32.ActiveCfg = Release|Win32
		{1876E9B7-0069-4490-AA63-5D1AAA03AFAF}.Release|Win32.Build.0 = Release|Win32
		{1876E9B7-0069-4490-AA63-5D1AAA03AFAF}.MinSizeRel|Win32.ActiveCfg = MinSizeRel|Win32
		{1876E9B7-0069-4490-AA63-5D1AAA03AFAF}.MinSizeRel|Win32.Build.0 = MinSizeRel|Win32
		{1876E9B7-0069-4490-AA63-5D1AAA03AFAF}.RelWithDebInfo|Win32.ActiveCfg = RelWithDebInfo|Win32
		{1876E9B7-0069-4490-AA63-5D1AAA03AFAF}.RelWithDebInfo|Win32.Build.0 = RelWithDebInfo|Win32
		{EDF0BF0F-F04A-4D46-B285-22EDD750340C}.Debug|Win32.ActiveCfg = Debug|Win32
		{EDF0BF0F-F04A-4D46-B285-22EDD750340C}.Debug|Win32.Build.0 = Debug|Win32
		{EDF0BF0F-F04A-4D46-B285-22EDD750340C}.Release|Win32.ActiveCfg = Release|Win32
		{EDF0BF0F-F04A-4D46-B285-22EDD750340C}.Release|Win32.Build.0 = Release|Win32
		{EDF0BF0F-F04A-4D46-B285-22EDD750340C}.MinSizeRel|Win32.ActiveCfg = MinSizeRel|Win32
		{EDF0BF0F-F04A-4D46-B285-22EDD750340C}.MinSizeRel|Win32.Build.0 = MinSizeRel|Win32
		{EDF0BF0F-F04A-4D46-B285-22EDD750340C}.RelWithDebInfo|Win32.ActiveCfg = RelWithDebInfo|Win32
		{EDF0BF0F-F04A-4D46-B285-22EDD750340C}.RelWithDebInfo|Win32.Build.0 = RelWithDebInfo|Win32
		{F9F3D0D2-F3AA-4DD5-9790-B5C3B32D0270}.Debug|Win32.ActiveCfg = Debug|Win32
		{F9F3D0D2-F3AA-4DD5-9790-B5C3B32D0270}.Debug|Win32.Build.0 = Debug|Win32
		{F9F3D0D2-F3AA-4DD5-9790-B5C3B32D0270}.Release|Win32.ActiveCfg = Release|Win32
		{F9F3D0D2-F3AA-4DD5-9790-B5C3B32D0270}.Release|Win32.Build.0 = Release|Win32
		{F9F3D0D2-F3AA-4DD5-9790-B5C3B32D0270}.MinSizeRel|Win32.ActiveCfg = MinSizeRel|Win32
		{F9F3D0D2-F3AA-4DD5-9790-B5C3B32D0270}.MinSizeRel|Win32.Build.0 = MinSizeRel|Win32
		{F9F3D0D2-F3AA-4DD5-9790-B5C3B32D0270}.RelWithDebInfo|Win32.ActiveCfg = RelWithDebInfo|Win32
		{F9F3D0D2-F3AA-4DD5-9790-B5C3B32D0270}.RelWithDebInfo|Win32.Build.0 = RelWithDebInfo|Win32
		{E64382DD-09E9-402B-A620-EC853A7C225B}.Debug|Win32.ActiveCfg = Debug|Win32
		{E64382DD-09E9-402B-A620-EC853A7C225B}.Debug|Win32.Build.0 = Debug|Win32
		{E64382DD-09E9-402B-A620-EC853A7C225B}.Release|Win32.ActiveCfg = Release|Win32
		{E64382DD-09E9-402B-A620-EC853A7C225B}.Release|Win32.Build.0 = Release|Win32
		{E64382DD-09E9-402B-A620-EC853A7C225B}.MinSizeRel|Win32.ActiveCfg = MinSizeRel|Win32
		{E64382DD-09E9-402B-A620-EC853A7C225B}.MinSizeRel|Win32.Build.0 = MinSizeRel|Win32
		{E64382DD-09E9-402B-A620-EC853A7C225B}.RelWithDebInfo|Win32.ActiveCfg = RelWithDebInfo|Win32
		{E64382DD-09E9-402B-A620-EC853A7C225B}.RelWithDebInfo|Win32.Build.0 = RelWithDebInfo|Win32
		{C6795C7B-2D4D-4C1D-A1A2-4EC60960B7E1}.Debug|Win32.ActiveCfg = Debug|Win32
		{C6795C7B-2D4D-4C1D-A1A2-4EC60960B7E1}.Debug|Win32.Build.0 = Debug|Win32
		{C6795C7B-2D4D-4C1D-A1A2-4EC60960B7E1}.Release|Win32.ActiveCfg = Release|Win32
		{C6795C7B-2D4D-4C1D-A1A2-4EC60960B7E1}.Release|Win32.Build.0 = Release|Win32
		{C6795C7B-2D4D-4C1D-A1A2-4EC60960B7E1}.MinSizeRel|Win32.ActiveCfg = MinSizeRel|Win32
		{C6795C7B-2D4D-4C1D-A1A2-4EC60960B7E1}.MinSizeRel|Win32.Build.0 = MinSizeRel|Win32
		{C6795C7B-2D4D-4C1D-A1A2-4EC60960B7E1}.RelWithDebInfo|Win32.ActiveCfg = RelWithDebInfo|Win32
		{C6795C7B-2D4D-4C1D-A1A2-4EC60960B7E1}.RelWithDebInfo|Win32.Build.0 = RelWithDebInfo|Win32
		{86AC22F9-36BD-4F76-8EA8-3039BB355238}.Debug|Win32.ActiveCfg = Debug|Win32
		{86AC22F9-36BD-4F76-8EA8-3039BB355238}.Debug|Win32.Build.0 = Debug|Win32
		{86AC22F9-36BD-4F76-8EA8-3039BB355238}.Release|Win32.ActiveCfg = Release|Win32
		{86AC22F9-36BD-4F76-8EA8-3039BB355238}.Release|Win32.Build.0 = Release|Win32
		{86AC22F9-36BD-4F76-8EA8-3039BB355238}.MinSizeRel|Win32.ActiveCfg = MinSizeRel|Win32
		{86AC22F9-36BD-4F76-8EA8-3039BB355238}.MinSizeRel|Win32.Build.0 = MinSizeRel|Win32
		{86AC22F9-36BD-4F76-8EA8-3039BB355238}.RelWithDebInfo|Win32.ActiveCfg = RelWithDebInfo|Win32
		{86AC22F9-36BD-4F76-8EA8-3039BB355238}.RelWithDebInfo|Win32.Build.0 = RelWithDebInfo|Win32
		{6E490FB3-E379-4F49-B9C3-6E5471B0F578}.Debug|Win32.ActiveCfg = Debug|Win32
		{6E490FB3-E379-4F49-B9C3-6E5471B0F578}.Debug|Win32.Build.0 = Debug|Win32
		{6E490FB3-E379-4F49-B9C3-6E5471B0F578}.Release|Win32.ActiveCfg = Release|Win32
		{6E490FB3-E379-4F49-B9C3-6E5471B0F578}.Release|Win32.Build.0 = Release|Win32
		{6E490FB3-E379-4F49-B9C3-6E5471B0F578}.MinSizeRel|Win32.ActiveCfg = MinSizeRel|Win32
		{6E490FB3-E379-4F49-B9C3-6E5471B0F578}.MinSizeRel|Win32.Build.0 = MinSizeRel|Win32
		{6E490FB3-E379-4F49-B9C3-6E5471B0F578}.RelWithDebInfo|Win32.ActiveCfg = RelWithDebInfo|Win32
		{6E490FB3-E379-4F49-B9C3-6E5471B0F578}.RelWithDebInfo|Win32.Build.0 = RelWithDebInfo|Win32
		{B57D3033-8DFE-4EF8-B894-5348DEDCA590}.Debug|Win32.ActiveCfg = Debug|Win32
		{B57D3033-8DFE-4EF8-B894-5348DEDCA590}.Debug|Win32.Build.0 = Debug|Win32
		{B57D3033-8DFE-4EF8-B894-5348DEDCA590}.Release|Win32.ActiveCfg = Release|Win32
		{B57D3033-8DFE-4EF8-B894-5348DEDCA590}.Release|Win32.Build.0 = Release|Win32
		{B57D3033-8DFE-4EF8-B894-5348DEDCA590}.MinSizeRel|Win32.ActiveCfg = MinSizeRel|Win32
		{B57D3033-8DFE-4EF8-B894-5348DEDCA590}.MinSizeRel|Win32.Build.0 = MinSizeRel|Win32
		{B57D3033-8DFE-4EF8-B894-5348DEDCA590}.RelWithDebInfo|Win32.ActiveCfg = RelWithDebInfo|Win32
		{B57D3033-8DFE-4EF8-B894-5348DEDCA590}.RelWithDebInfo|Win32.Build.0 = RelWithDebInfo|Win32
		{0885F281-B8BA-40A2-98B3-C5BDB75F875A}.Debug|Win32.ActiveCfg = Debug|Win32
		{0885F281-B8BA-40A2-98B3-C5BDB75F875A}.Debug|Win32.Build.0 = Debug|Win32
		{0885F281-B8BA-40A2-98B3-C5BDB75F875A}.Release|Win32.ActiveCfg = Release|Win32
		{0885F281-B8BA-40A2-98B3-C5BDB75F875A}.Release|Win32.Build.0 = Release|Win32
		{0885F281-B8BA-40A2-98B3-C5BDB75F875A}.MinSizeRel|Win32.ActiveCfg = MinSizeRel|Win32
		{0885F281-B8BA-40A2-98B3-C5BDB75F875A}.MinSizeRel|Win32.Build.0 = MinSizeRel|Win32
		{0885F281-B8BA-40A2-98B3-C5BDB75F875A}.RelWithDebInfo|Win32.ActiveCfg = RelWithDebInfo|Win32
		{0885F281-B8BA-40A2-98B3-C5BDB75F875A}.RelWithDebInfo|Win32.Build.0 = RelWithDebInfo|Win32
		{A4B8BB18-CBE6-4271-8FE8-F35D7AE26FEF}.Debug|Win32.ActiveCfg = Debug|Win32
		{A4B8BB18-CBE6-4271-8FE8-F35D7AE26FEF}.Debug|Win32.Build.0 = Debug|Win32
		{A4B8BB18-CBE6-4271-8FE8-F35D7AE26FEF}.Release|Win32.ActiveCfg = Release|Win32
		{A4B8BB18-CBE6-4271-8FE8-F35D7AE26FEF}.Release|Win32.Build.0 = Release|Win32
		{A4B8BB18-CBE6-4271-8FE8-F35D7AE26FEF}.MinSizeRel|Win32.ActiveCfg = MinSizeRel|Win32
		{A4B8BB18-CBE6-4271-8FE8-F35D7AE26FEF}.MinSizeRel|Win32.Build.0 = MinSizeRel|Win32
		{A4B8BB18-CBE6-4271-8FE8-F35D7AE26FEF}.RelWithDebInfo|Win32.ActiveCfg = RelWithDebInfo|Win32
		{A4B8BB18-CBE6-4271-8FE8-F35D7AE26FEF}.RelWithDebInfo|Win32.Build.0 = RelWithDebInfo|Win32
		{89C26680-A5AF-469C-9683-6061B203839E}.Debug|Win32.ActiveCfg = Debug|Win32
		{89C26680-A5AF-469C-9683-6061B203839E}.Debug|Win32.Build.0 = Debug|Win32
		{89C26680-A5AF-469C-9683-6061B203839E}.Release|Win32.ActiveCfg = Release|Win32
		{89C26680-A5AF-469C-9683-6061B203839E}.Release|Win32.Build.0 = Release|Win32
		{89C26680-A5AF-469C-9683-6061B203839E}.MinSizeRel|Win32.ActiveCfg = MinSizeRel|Win32
		{89C26680-A5AF-469C-9683-6061B203839E}.MinSizeRel|Win32.Build.0 = MinSizeRel|Win32
		{89C26680-A5AF-469C-9683-6061B203839E}.RelWithDebInfo|Win32.ActiveCfg = RelWithDebInfo|Win32
		{89C26680-A5AF-469C-9683-6061B203839E}.RelWithDebInfo|Win32.Build.0 = RelWithDebInfo|Win32
		{A500C828-9EBF-4D19-90A9-D27DD066C65B}.Debug|Win32.ActiveCfg = Debug|Win32
		{A500C828-9EBF-4D19-90A9-D27DD066C65B}.Debug|Win32.Build.0 = Debug|Win32
		{A500C828-9EBF-4D19-90A9-D27DD066C65B}.Release|Win32.ActiveCfg = Release|Win32
		{A500C828-9EBF-4D19-90A9-D27DD066C65B}.Release|Win32.Build.0 = Release|Win32
		{A500C828-9EBF-4D19-90A9-D27DD066C65B}.MinSizeRel|Win32.ActiveCfg = MinSizeRel|Win32
		{A500C828-9EBF-4D19-90A9-D27DD066C65B}.MinSizeRel|Win32.Build.0 = MinSizeRel|Win32
		{A500C828-9EBF-4D19-90A9-D27DD066C65B}.RelWithDebInfo|Win32.ActiveCfg = RelWithDebInfo|Win32
		{A500C828-9EBF-4D19-90A9-D27DD066C65B}.RelWithDebInfo|Win32.Build.0 = RelWithDebInfo|Win32
		{B720800A-F5F5-4820-A9A9-D6A03D95EE40}.Debug|Win32.ActiveCfg = Debug|Win32
		{B720800A-F5F5-4820-A9A9-D6A03D95EE40}.Debug|Win32.Build.0 = Debug|Win32
		{B720800A-F5F5-4820-A9A9-D6A03D95EE40}.Release|Win32.ActiveCfg = Release|Win32
		{B720800A-F5F5-4820-A9A9-D6A03D95EE40}.Release|Win32.Build.0 = Release|Win32
		{B720800A-F5F5-4820-A9A9-D6A03D95EE40}.MinSizeRel|Win32.ActiveCfg = MinSizeRel|Win32
		{B720800A-F5F5-4820-A9A9-D6A03D95EE40}.MinSizeRel|Win32.Build.0 = MinSizeRel|Win32
		{B720800A-F5F5-4820-A9A9-D6A03D95EE40}.RelWithDebInfo|Win32.ActiveCfg = RelWithDebInfo|Win32
		{B720800A-F5F5-4820-A9A9-D6A03D95EE40}.RelWithDebInfo|Win32.Build.0 = RelWithDebInfo|Win32
		{9237F496-650D-4D57-BC48-3428F3F6CA94}.Debug|Win32.ActiveCfg = Debug|Win32
		{9237F496-650D-4D57-BC48-3428F3F6CA94}.Debug|Win32.Build.0 = Debug|Win32
		{9237F496-650D-4D57-BC48-3428F3F6CA94}.Release|Win32.ActiveCfg = Release|Win32
		{9237F496-650D-4D57-BC48-3428F3F6CA94}.Release|Win32.Build.0 = Release|Win32
		{9237F496-650D-4D57-BC48-3428F3F6CA94}.MinSizeRel|Win32.ActiveCfg = MinSizeRel|Win32
		{9237F496-650D-4D57-BC48-3428F3F6CA94}.MinSizeRel|Win32.Build.0 = MinSizeRel|Win32
		{9237F496-650D-4D57-BC48-3428F3F6CA94}.RelWithDebInfo|Win32.ActiveCfg = RelWithDebInfo|Win32
		{9237F496-650D-4D57-BC48-3428F3F6CA94}.RelWithDebInfo|Win32.Build.0 = RelWithDebInfo|Win32
		{1F574448-A105-4144-8FFF-99A5EF493A38}.Debug|Win32.ActiveCfg = Debug|Win32
		{1F574448-A105-4144-8FFF-99A5EF493A38}.Debug|Win32.Build.0 = Debug|Win32
		{1F574448-A105-4144-8FFF-99A5EF493A38}.Release|Win32.ActiveCfg = Release|Win32
		{1F574448-A105-4144-8FFF-99A5EF493A38}.Release|Win32.Build.0 = Release|Win32
		{1F574448-A105-4144-8FFF-99A5EF493A38}.MinSizeRel|Win32.ActiveCfg = MinSizeRel|Win32
		{1F574448-A105-4144-8FFF-99A5EF493A38}.MinSizeRel|Win32.Build.0 = MinSizeRel|Win32
		{1F574448-A105-4144-8FFF-99A5EF493A38}.RelWithDebInfo|Win32.ActiveCfg = RelWithDebInfo|Win32
		{1F574448-A105-4144-8FFF-99A5EF493A38}.RelWithDebInfo|Win32.Build.0 = RelWithDebInfo|Win32
		{B096BA2B-2D2B-4EC1-918B-81F09ACB17A9}.Debug|Win32.ActiveCfg = Debug|Win32
		{B096BA2B-2D2B-4EC1-918B-81F09ACB17A9}.Debug|Win32.Build.0 = Debug|Win32
		{B096BA2B-2D2B-4EC1-918B-81F09ACB17A9}.Release|Win32.ActiveCfg = Release|Win32
		{B096BA2B-2D2B-4EC1-918B-81F09ACB17A9}.Release|Win32.Build.0 = Release|Win32
		{B096BA2B-2D2B-4EC1-918B-81F09ACB17A9}.MinSizeRel|Win32.ActiveCfg = MinSizeRel|Win32
		{B096BA2B-2D2B-4EC1-918B-81F09ACB17A9}.MinSizeRel|Win32.Build.0 = MinSizeRel|Win32
		{B096BA2B-2D2B-4EC1-918B-81F09ACB17A9}.RelWithDebInfo|Win32.ActiveCfg = RelWithDebInfo|Win32
		{B096BA2B-2D2B-4EC1-918B-81F09ACB17A9}.RelWithDebInfo|Win32.Build.0 = RelWithDebInfo|Win32
		{397D383D-C7E4-42D2-B291-CB112E8EB65F}.Debug|Win32.ActiveCfg = Debug|Win32
		{397D383D-C7E4-42D2-B291-CB112E8EB65F}.Debug|Win32.Build.0 = Debug|Win32
		{397D383D-C7E4-42D2-B291-CB112E8EB65F}.Release|Win32.ActiveCfg = Release|Win32
		{397D383D-C7E4-42D2-B291-CB112E8EB65F}.Release|Win32.Build.0 = Release|Win32
		{397D383D-C7E4-42D2-B291-CB112E8EB65F}.MinSizeRel|Win32.ActiveCfg = MinSizeRel|Win32
		{397D383D-C7E4-42D2-B291-CB112E8EB65F}.MinSizeRel|Win32.Build.0 = MinSizeRel|Win32
		{397D383D-C7E4-42D2-B291-CB112E8EB65F}.RelWithDebInfo|Win32.ActiveCfg = RelWithDebInfo|Win32
		{397D383D-C7E4-42D2-B291-CB112E8EB65F}.RelWithDebInfo|Win32.Build.0 = RelWithDebInfo|Win32
		{13E19AA1-8C70-441F-B365-CEE27C9AED88}.Debug|Win32.ActiveCfg = Debug|Win32
		{13E19AA1-8C70-441F-B365-CEE27C9AED88}.Debug|Win32.Build.0 = Debug|Win32
		{13E19AA1-8C70-441F-B365-CEE27C9AED88}.Release|Win32.ActiveCfg = Release|Win32
		{13E19AA1-8C70-441F-B365-CEE27C9AED88}.Release|Win32.Build.0 = Release|Win32
		{13E19AA1-8C70-441F-B365-CEE27C9AED88}.MinSizeRel|Win32.ActiveCfg = MinSizeRel|Win32
		{13E19AA1-8C70-441F-B365-CEE27C9AED88}.MinSizeRel|Win32.Build.0 = MinSizeRel|Win32
		{13E19AA1-8C70-441F-B365-CEE27C9AED88}.RelWithDebInfo|Win32.ActiveCfg = RelWithDebInfo|Win32
		{13E19AA1-8C70-441F-B365-CEE27C9AED88}.RelWithDebInfo|Win32.Build.0 = RelWithDebInfo|Win32
		{A9ABD516-01F3-40BE-AE1B-60D54D6770B2}.Debug|Win32.ActiveCfg = Debug|Win32
		{A9ABD516-01F3-40BE-AE1B-60D54D6770B2}.Debug|Win32.Build.0 = Debug|Win32
		{A9ABD516-01F3-40BE-AE1B-60D54D6770B2}.Release|Win32.ActiveCfg = Release|Win32
		{A9ABD516-01F3-40BE-AE1B-60D54D6770B2}.Release|Win32.Build.0 = Release|Win32
		{A9ABD516-01F3-40BE-AE1B-60D54D6770B2}.MinSizeRel|Win32.ActiveCfg = MinSizeRel|Win32
		{A9ABD516-01F3-40BE-AE1B-60D54D6770B2}.MinSizeRel|Win32.Build.0 = MinSizeRel|Win32
		{A9ABD516-01F3-40BE-AE1B-60D54D6770B2}.RelWithDebInfo|Win32.ActiveCfg = RelWithDebInfo|Win32
		{A9ABD516-01F3-40BE-AE1B-60D54D6770B2}.RelWithDebInfo|Win32.Build.0 = RelWithDebInfo|Win32
		{014ED593-1F66-4CBB-8D37-0B15CE1EBD74}.Debug|Win32.ActiveCfg = Debug|Win32
		{014ED593-1F66-4CBB-8D37-0B15CE1EBD74}.Debug|Win32.Build.0 = Debug|Win32
		{014ED593-1F66-4CBB-8D37-0B15CE1EBD74}.Release|Win32.ActiveCfg = Release|Win32
		{014ED593-1F66-4CBB-8D37-0B15CE1EBD74}.Release|Win32.Build.0 = Release|Win32
		{014ED593-1F66-4CBB-8D37-0B15CE1EBD74}.MinSizeRel|Win32.ActiveCfg = MinSizeRel|Win32
		{014ED593-1F66-4CBB-8D37-0B15CE1EBD74}.MinSizeRel|Win32.Build.0 = MinSizeRel|Win32
		{014ED593-1F66-4CBB-8D37-0B15CE1EBD74}.RelWithDebInfo|Win32.ActiveCfg = RelWithDebInfo|Win32
		{014ED593-1F66-4CBB-8D37-0B15CE1EBD74}.RelWithDebInfo|Win32.Build.0 = RelWithDebInfo|Win32
		{AFFFA3A9-7624-45A5-86C0-93E9E068A820}.Debug|Win32.ActiveCfg = Debug|Win32
		{AFFFA3A9-7624-45A5-86C0-93E9E068A820}.Debug|Win32.Build.0 = Debug|Win32
		{AFFFA3A9-7624-45A5-86C0-93E9E068A820}.Release|Win32.ActiveCfg = Release|Win32
		{AFFFA3A9-7624-45A5-86C0-93E9E068A820}.Release|Win32.Build.0 = Release|Win32
		{AFFFA3A9-7624-45A5-86C0-93E9E068A820}.MinSizeRel|Win32.ActiveCfg = MinSizeRel|Win32
		{AFFFA3A9-7624-45A5-86C0-93E9E068A820}.MinSizeRel|Win32.Build.0 = MinSizeRel|Win32
		{AFFFA3A9-7624-45A5-86C0-93E9E068A820}.RelWithDebInfo|Win32.ActiveCfg = RelWithDebInfo|Win32
		{AFFFA3A9-7624-45A5-86C0-93E9E068A820}.RelWithDebInfo|Win32.Build.0 = RelWithDebInfo|Win32
		{FCA8FAE9-7F53-4E46-8AB2-C8C54689A17E}.Debug|Win32.ActiveCfg = Debug|Win32
		{FCA8FAE9-7F53-4E46-8AB2-C8C54689A17E}.Debug|Win32.Build.0 = Debug|Win32
		{FCA8FAE9-7F53-4E46-8AB2-C8C54689A17E}.Release|Win32.ActiveCfg = Release|Win32
		{FCA8FAE9-7F53-4E46-8AB2-C8C54689A17E}.Release|Win32.Build.0 = Release|Win32
		{FCA8FAE9-7F53-4E46-8AB2-C8C54689A17E}.MinSizeRel|Win32.ActiveCfg = MinSizeRel|Win32
		{FCA8FAE9-7F53-4E46-8AB2-C8C54689A17E}.MinSizeRel|Win32.Build.0 = MinSizeRel|Win32
		{FCA8FAE9-7F53-4E46-8AB2-C8C54689A17E}.RelWithDebInfo|Win32.ActiveCfg = RelWithDebInfo|Win32
		{FCA8FAE9-7F53-4E46-8AB2-C8C54689A17E}.RelWithDebInfo|Win32.Build.0 = RelWithDebInfo|Win32
		{1F0D523D-49FE-439E-94C2-2A999B346786}.Debug|Win32.ActiveCfg = Debug|Win32
		{1F0D523D-49FE-439E-94C2-2A999B346786}.Release|Win32.ActiveCfg = Release|Win32
		{1F0D523D-49FE-439E-94C2-2A999B346786}.MinSizeRel|Win32.ActiveCfg = MinSizeRel|Win32
		{1F0D523D-49FE-439E-94C2-2A999B346786}.RelWithDebInfo|Win32.ActiveCfg = RelWithDebInfo|Win32
		{2074B271-9188-4C0F-B5C3-998A4A1AD1B8}.Debug|Win32.ActiveCfg = Debug|Win32
		{2074B271-9188-4C0F-B5C3-998A4A1AD1B8}.Debug|Win32.Build.0 = Debug|Win32
		{2074B271-9188-4C0F-B5C3-998A4A1AD1B8}.Release|Win32.ActiveCfg = Release|Win32
		{2074B271-9188-4C0F-B5C3-998A4A1AD1B8}.Release|Win32.Build.0 = Release|Win32
		{2074B271-9188-4C0F-B5C3-998A4A1AD1B8}.MinSizeRel|Win32.ActiveCfg = MinSizeRel|Win32
		{2074B271-9188-4C0F-B5C3-998A4A1AD1B8}.MinSizeRel|Win32.Build.0 = MinSizeRel|Win32
		{2074B271-9188-4C0F-B5C3-998A4A1AD1B8}.RelWithDebInfo|Win32.ActiveCfg = RelWithDebInfo|Win32
		{2074B271-9188-4C0F-B5C3-998A4A1AD1B8}.RelWithDebInfo|Win32.Build.0 = RelWithDebInfo|Win32
		{C0B1D606-B4FD-40A9-9DD4-D269963203BA}.Debug|Win32.ActiveCfg = Debug|Win32
		{C0B1D606-B4FD-40A9-9DD4-D269963203BA}.Debug|Win32.Build.0 = Debug|Win32
		{C0B1D606-B4FD-40A9-9DD4-D269963203BA}.Release|Win32.ActiveCfg = Release|Win32
		{C0B1D606-B4FD-40A9-9DD4-D269963203BA}.Release|Win32.Build.0 = Release|Win32
		{C0B1D606-B4FD-40A9-9DD4-D269963203BA}.MinSizeRel|Win32.ActiveCfg = MinSizeRel|Win32
		{C0B1D606-B4FD-40A9-9DD4-D269963203BA}.MinSizeRel|Win32.Build.0 = MinSizeRel|Win32
		{C0B1D606-B4FD-40A9-9DD4-D269963203BA}.RelWithDebInfo|Win32.ActiveCfg = RelWithDebInfo|Win32
		{C0B1D606-B4FD-40A9-9DD4-D269963203BA}.RelWithDebInfo|Win32.Build.0 = RelWithDebInfo|Win32
		{53772ADD-7951-45EA-B859-A0DE6E35FB18}.Debug|Win32.ActiveCfg = Debug|Win32
		{53772ADD-7951-45EA-B859-A0DE6E35FB18}.Debug|Win32.Build.0 = Debug|Win32
		{53772ADD-7951-45EA-B859-A0DE6E35FB18}.Release|Win32.ActiveCfg = Release|Win32
		{53772ADD-7951-45EA-B859-A0DE6E35FB18}.Release|Win32.Build.0 = Release|Win32
		{53772ADD-7951-45EA-B859-A0DE6E35FB18}.MinSizeRel|Win32.ActiveCfg = MinSizeRel|Win32
		{53772ADD-7951-45EA-B859-A0DE6E35FB18}.MinSizeRel|Win32.Build.0 = MinSizeRel|Win32
		{53772ADD-7951-45EA-B859-A0DE6E35FB18}.RelWithDebInfo|Win32.ActiveCfg = RelWithDebInfo|Win32
		{53772ADD-7951-45EA-B859-A0DE6E35FB18}.RelWithDebInfo|Win32.Build.0 = RelWithDebInfo|Win32
		{16C7E0FF-83F0-4C47-9419-EA077086D7CE}.Debug|Win32.ActiveCfg = Debug|Win32
		{16C7E0FF-83F0-4C47-9419-EA077086D7CE}.Debug|Win32.Build.0 = Debug|Win32
		{16C7E0FF-83F0-4C47-9419-EA077086D7CE}.Release|Win32.ActiveCfg = Release|Win32
		{16C7E0FF-83F0-4C47-9419-EA077086D7CE}.Release|Win32.Build.0 = Release|Win32
		{16C7E0FF-83F0-4C47-9419-EA077086D7CE}.MinSizeRel|Win32.ActiveCfg = MinSizeRel|Win32
		{16C7E0FF-83F0-4C47-9419-EA077086D7CE}.MinSizeRel|Win32.Build.0 = MinSizeRel|Win32
		{16C7E0FF-83F0-4C47-9419-EA077086D7CE}.RelWithDebInfo|Win32.ActiveCfg = RelWithDebInfo|Win32
		{16C7E0FF-83F0-4C47-9419-EA077086D7CE}.RelWithDebInfo|Win32.Build.0 = RelWithDebInfo|Win32
	EndGlobalSection
	GlobalSection(ExtensibilityGlobals) = postSolution
	EndGlobalSection
	GlobalSection(ExtensibilityAddIns) = postSolution
	EndGlobalSection
EndGlobal
