<?xml version="1.0" encoding="utf-8"?>
<Project ToolsVersion="4.0" xmlns="http://schemas.microsoft.com/developer/msbuild/2003">
  <ItemGroup>
    <ClCompile Include="Main.cpp" />
    <ClCompile Include="CameraClass.cpp">
      <Filter>Classess</Filter>
    </ClCompile>
    <ClCompile Include="D3DClass.cpp">
      <Filter>Classess</Filter>
    </ClCompile>
    <ClCompile Include="GraphicsClass.cpp">
      <Filter>Classess</Filter>
    </ClCompile>
    <ClCompile Include="InputClass.cpp">
      <Filter>Classess</Filter>
    </ClCompile>
    <ClCompile Include="LightClass.cpp">
      <Filter>Classess</Filter>
    </ClCompile>
    <ClCompile Include="ModelClass.cpp">
      <Filter>Classess</Filter>
    </ClCompile>
    <ClCompile Include="SystemClass.cpp">
      <Filter>Classess</Filter>
    </ClCompile>
    <ClCompile Include="TextureClass.cpp">
      <Filter>Classess</Filter>
    </ClCompile>
    <ClCompile Include="LightShaderClass.cpp">
      <Filter>Classess</Filter>
    </ClCompile>
  </ItemGroup>
  <ItemGroup>
    <ClInclude Include="CameraClass.h">
      <Filter>Headers</Filter>
    </ClInclude>
    <ClInclude Include="D3DClass.h">
      <Filter>Headers</Filter>
    </ClInclude>
    <ClInclude Include="GraphicsClass.h">
      <Filter>Headers</Filter>
    </ClInclude>
    <ClInclude Include="InputClass.h">
      <Filter>Headers</Filter>
    </ClInclude>
    <ClInclude Include="LightClass.h">
      <Filter>Headers</Filter>
    </ClInclude>
    <ClInclude Include="ModelClass.h">
      <Filter>Headers</Filter>
    </ClInclude>
    <ClInclude Include="SystemClass.h">
      <Filter>Headers</Filter>
    </ClInclude>
    <ClInclude Include="TextureClass.h">
      <Filter>Headers</Filter>
    </ClInclude>
    <ClInclude Include="LightShaderClass.h">
      <Filter>Headers</Filter>
    </ClInclude>
    <ClInclude Include="LogClass.hpp">
      <Filter>Headers</Filter>
    </ClInclude>
  </ItemGroup>
  <ItemGroup>
    <None Include="Color.ps">
      <Filter>Shaders</Filter>
    </None>
    <None Include="Color.vs">
      <Filter>Shaders</Filter>
    </None>
    <None Include="Light.ps">
      <Filter>Shaders</Filter>
    </None>
    <None Include="Light.vs">
      <Filter>Shaders</Filter>
    </None>
    <None Include="Texture.ps">
      <Filter>Shaders</Filter>
    </None>
    <None Include="Texture.vs">
      <Filter>Shaders</Filter>
    </None>
  </ItemGroup>
  <ItemGroup>
    <Filter Include="Headers">
      <UniqueIdentifier>{e7009516-4f87-4850-be13-da36fed669af}</UniqueIdentifier>
    </Filter>
    <Filter Include="Classess">
      <UniqueIdentifier>{7e19361a-0902-4414-9498-11eaa36ff0d8}</UniqueIdentifier>
    </Filter>
    <Filter Include="Shaders">
      <UniqueIdentifier>{e9521f08-c2c2-4c3a-809a-e14eaa735255}</UniqueIdentifier>
    </Filter>
  </ItemGroup>
</Project>