<?xml version="1.0" encoding="utf-8"?>
<Project ToolsVersion="4.0" xmlns="http://schemas.microsoft.com/developer/msbuild/2003">
  <ItemGroup>
    <CustomBuild Include="..\..\CMakeFiles\a98fac6f17c37c8c3e3e0dd24ef03c5b\INSTALL_force.rule">
      <Filter>CMake Rules</Filter>
    </CustomBuild>
  </ItemGroup>
  <ItemGroup>
    <Filter Include="CMake Rules">
      <UniqueIdentifier>{F626FC25-7FA9-49EC-97FE-2CCF9F51DD2D}</UniqueIdentifier>
    </Filter>
  </ItemGroup>
</Project>
