<?xml version="1.0" encoding="utf-8"?>
<Project ToolsVersion="4.0" xmlns="http://schemas.microsoft.com/developer/msbuild/2003">
  <ItemGroup>
    <ClCompile Include="C:\GitRepo\DX11_project\bullet-2.82-r2704\Demos\CollisionInterfaceDemo\CollisionInterfaceDemo.cpp">
      <Filter>Source Files</Filter>
    </ClCompile>
    <ClCompile Include="C:\GitRepo\DX11_project\bullet-2.82-r2704\Demos\CollisionInterfaceDemo\main.cpp">
      <Filter>Source Files</Filter>
    </ClCompile>
  </ItemGroup>
  <ItemGroup>
    <ClInclude Include="C:\GitRepo\DX11_project\bullet-2.82-r2704\Demos\CollisionInterfaceDemo\CollisionInterfaceDemo.h">
      <Filter>Header Files</Filter>
    </ClInclude>
  </ItemGroup>
  <ItemGroup>
    <CustomBuild Include="C:\GitRepo\DX11_project\bullet-2.82-r2704\Demos\CollisionInterfaceDemo\CMakeLists.txt" />
  </ItemGroup>
  <ItemGroup>
    <ResourceCompile Include="C:\GitRepo\DX11_project\bullet-2.82-r2704\build\bullet.rc">
      <Filter>Source Files</Filter>
    </ResourceCompile>
  </ItemGroup>
  <ItemGroup>
    <Filter Include="Source Files">
      <UniqueIdentifier>{54B38FE4-A718-46C8-904B-BEF3F5FE3CEE}</UniqueIdentifier>
    </Filter>
    <Filter Include="Header Files">
      <UniqueIdentifier>{E8BE8168-2B8D-4B33-B309-6BFC4A229E46}</UniqueIdentifier>
    </Filter>
  </ItemGroup>
</Project>
